PODS:
  - Alamofire (4.8.2)
  - AudioKit (4.7.2):
    - AudioKit/Core (= 4.7.2)
    - AudioKit/UI (= 4.7.2)
  - AudioKit/Core (4.7.2)
  - AudioKit/UI (4.7.2):
    - AudioKit/Core
  - Disk (0.4.0)
  - DisplaySwitcher (1.0.1)
  - GoogleSignIn (4.4.0):
    - "GoogleToolboxForMac/NSDictionary+URLArguments (~> 2.1)"
    - "GoogleToolboxForMac/NSString+URLArguments (~> 2.1)"
    - GTMSessionFetcher/Core (~> 1.1)
  - GoogleToolboxForMac/DebugUtils (2.2.1):
    - GoogleToolboxForMac/Defines (= 2.2.1)
  - GoogleToolboxForMac/Defines (2.2.1)
  - "GoogleToolboxForMac/NSDictionary+URLArguments (2.2.1)":
    - GoogleToolboxForMac/DebugUtils (= 2.2.1)
    - GoogleToolboxForMac/Defines (= 2.2.1)
    - "GoogleToolboxForMac/NSString+URLArguments (= 2.2.1)"
  - "GoogleToolboxForMac/NSString+URLArguments (2.2.1)"
  - GTMSessionFetcher/Core (1.2.2)
  - SDWebImage (5.0.6):
    - SDWebImage/Core (= 5.0.6)
  - SDWebImage/Core (5.0.6)
  - SwiftyJSON (4.3.0)

DEPENDENCIES:
  - Alamofire
  - AudioKit (~> 4.7.2)
  - Disk (~> 0.4.0)
  - DisplaySwitcher
  - GoogleSignIn
  - SDWebImage
  - SwiftyJSON (~> 4.2)

SPEC REPOS:
  https://github.com/cocoapods/specs.git:
    - Alamofire
    - AudioKit
    - Disk
    - DisplaySwitcher
    - GoogleSignIn
    - GoogleToolboxForMac
    - GTMSessionFetcher
    - SDWebImage
    - SwiftyJSON

SPEC CHECKSUMS:
  Alamofire: ae5c501addb7afdbb13687d7f2f722c78734c2d3
  AudioKit: ee4ab79e2fffe42e52b8fd8d214eaaea968c368e
  Disk: ef2956657d5bb56034b38b29b352170165226440
  DisplaySwitcher: 5f725284c28cdf22ea7ba2eee8e8f7e7cb9cdf87
  GoogleSignIn: 7ff245e1a7b26d379099d3243a562f5747e23d39
  GoogleToolboxForMac: b3553629623a3b1bff17f555e736cd5a6d95ad55
  GTMSessionFetcher: 61bb0f61a4cb560030f1222021178008a5727a23
  SDWebImage: 920f1a2ff1ca8296ad34f6e0510a1ef1d70ac965
  SwiftyJSON: 6faa0040f8b59dead0ee07436cbf76b73c08fd08

PODFILE CHECKSUM: d13358454d2b54f228cf63ab9d52a99b1579e86a

COCOAPODS: 1.5.3
