PODS:
  - DisplaySwitcher (2.0)
  - GoogleSignIn (4.4.0):
    - "GoogleToolboxForMac/NSDictionary+URLArguments (~> 2.1)"
    - "GoogleToolboxForMac/NSString+URLArguments (~> 2.1)"
    - GTMSessionFetcher/Core (~> 1.1)
  - GoogleToolboxForMac/DebugUtils (2.2.1):
    - GoogleToolboxForMac/Defines (= 2.2.1)
  - GoogleToolboxForMac/Defines (2.2.1)
  - "GoogleToolboxForMac/NSDictionary+URLArguments (2.2.1)":
    - GoogleToolboxForMac/DebugUtils (= 2.2.1)
    - GoogleToolboxForMac/Defines (= 2.2.1)
    - "GoogleToolboxForMac/NSString+URLArguments (= 2.2.1)"
  - "GoogleToolboxForMac/NSString+URLArguments (2.2.1)"
  - GTMSessionFetcher/Core (1.2.2)

DEPENDENCIES:
  - DisplaySwitcher (~> 2.0)
  - GoogleSignIn

SPEC REPOS:
  https://github.com/CocoaPods/Specs.git:
    - GoogleSignIn
    - GoogleToolboxForMac
    - GTMSessionFetcher
  trunk:
    - DisplaySwitcher

SPEC CHECKSUMS:
  DisplaySwitcher: 1db23ee6a45fbebac733917cc002204adad37d28
  GoogleSignIn: 7ff245e1a7b26d379099d3243a562f5747e23d39
  GoogleToolboxForMac: b3553629623a3b1bff17f555e736cd5a6d95ad55
  GTMSessionFetcher: 61bb0f61a4cb560030f1222021178008a5727a23

PODFILE CHECKSUM: 0b474bef2c58d624f38c432d804b5ae151770193

COCOAPODS: 1.11.2
