// !$*UTF8*$!
{
	archiveVersion = 1;
	classes = {
	};
	objectVersion = 50;
	objects = {

/* Begin PBXBuildFile section */
		01548C1F6315A49678BBD909 /* Pods_iMusic.framework in Frameworks */ = {isa = PBXBuildFile; fileRef = 9AF474DA192215479CA74CC4 /* Pods_iMusic.framework */; };
		B215778923154B5B00E67AB9 /* SearchSuggestionCell.swift in Sources */ = {isa = PBXBuildFile; fileRef = B215778823154B5B00E67AB9 /* SearchSuggestionCell.swift */; };
		B215778B231A77A800E67AB9 /* YourPlaylistRow.swift in Sources */ = {isa = PBXBuildFile; fileRef = B215778A231A77A800E67AB9 /* YourPlaylistRow.swift */; };
		B215778D231A819900E67AB9 /* OfferedPlaylistsCell.swift in Sources */ = {isa = PBXBuildFile; fileRef = B215778C231A819900E67AB9 /* OfferedPlaylistsCell.swift */; };
		B215778F231A995800E67AB9 /* PlaylistCollectionViewCell.swift in Sources */ = {isa = PBXBuildFile; fileRef = B215778E231A995800E67AB9 /* PlaylistCollectionViewCell.swift */; };
		B224C17622259AFE003BFE22 /* iCarousel.m in Sources */ = {isa = PBXBuildFile; fileRef = B224C17322259AFD003BFE22 /* iCarousel.m */; };
		B224C17A22259B60003BFE22 /* PlayListsViewController.swift in Sources */ = {isa = PBXBuildFile; fileRef = B224C17922259B60003BFE22 /* PlayListsViewController.swift */; };
		B22C3D05220753CA003BBFD1 /* RecentlyPlayedCollectionViewCell.swift in Sources */ = {isa = PBXBuildFile; fileRef = B22C3D04220753CA003BBFD1 /* RecentlyPlayedCollectionViewCell.swift */; };
		B23AF068231E5D5B000EEE07 /* OptionsForTrackViewController.swift in Sources */ = {isa = PBXBuildFile; fileRef = B23AF067231E5D5B000EEE07 /* OptionsForTrackViewController.swift */; };
		B23AF06C231E96DE000EEE07 /* Playlist.swift in Sources */ = {isa = PBXBuildFile; fileRef = B23AF06B231E96DE000EEE07 /* Playlist.swift */; };
		B23AF06E231E987F000EEE07 /* FollowedPlaylistCell.swift in Sources */ = {isa = PBXBuildFile; fileRef = B23AF06D231E987F000EEE07 /* FollowedPlaylistCell.swift */; };
		B23AF070231EA598000EEE07 /* AddPlaylistCell.swift in Sources */ = {isa = PBXBuildFile; fileRef = B23AF06F231EA598000EEE07 /* AddPlaylistCell.swift */; };
		B23AF072231EAFFA000EEE07 /* PlaylistViewController.swift in Sources */ = {isa = PBXBuildFile; fileRef = B23AF071231EAFFA000EEE07 /* PlaylistViewController.swift */; };
		B23AF074231EB056000EEE07 /* AddPlaylistViewController.swift in Sources */ = {isa = PBXBuildFile; fileRef = B23AF073231EB056000EEE07 /* AddPlaylistViewController.swift */; };
		B23AF07A2323E254000EEE07 /* PlaylistManager.swift in Sources */ = {isa = PBXBuildFile; fileRef = B23AF0792323E254000EEE07 /* PlaylistManager.swift */; };
		B241B68021D78F8000D53711 /* AppDelegate.swift in Sources */ = {isa = PBXBuildFile; fileRef = B241B67F21D78F8000D53711 /* AppDelegate.swift */; };
		B241B68221D78F8000D53711 /* SignUpViewController.swift in Sources */ = {isa = PBXBuildFile; fileRef = B241B68121D78F8000D53711 /* SignUpViewController.swift */; };
		B241B68721D78F8300D53711 /* Assets.xcassets in Resources */ = {isa = PBXBuildFile; fileRef = B241B68621D78F8300D53711 /* Assets.xcassets */; };
		B241B68A21D78F8300D53711 /* LaunchScreen.storyboard in Resources */ = {isa = PBXBuildFile; fileRef = B241B68821D78F8300D53711 /* LaunchScreen.storyboard */; };
		B241B69221D791B400D53711 /* BaseViewControllerNormal.swift in Sources */ = {isa = PBXBuildFile; fileRef = B241B69121D791B400D53711 /* BaseViewControllerNormal.swift */; };
		B241B69421D791D100D53711 /* Extentions.swift in Sources */ = {isa = PBXBuildFile; fileRef = B241B69321D791D100D53711 /* Extentions.swift */; };
		B241B69621D791D800D53711 /* Helper.swift in Sources */ = {isa = PBXBuildFile; fileRef = B241B69521D791D800D53711 /* Helper.swift */; };
		B241B6AB21D7AE8200D53711 /* LICENSE in Resources */ = {isa = PBXBuildFile; fileRef = B241B6A121D7AE8200D53711 /* LICENSE */; };
		B241B6AC21D7AE8200D53711 /* README.md in Resources */ = {isa = PBXBuildFile; fileRef = B241B6A221D7AE8200D53711 /* README.md */; };
		B241B6AD21D7AE8200D53711 /* ESTabBarItemMoreContentView.swift in Sources */ = {isa = PBXBuildFile; fileRef = B241B6A421D7AE8200D53711 /* ESTabBarItemMoreContentView.swift */; };
		B241B6AE21D7AE8200D53711 /* ESTabBarController.swift in Sources */ = {isa = PBXBuildFile; fileRef = B241B6A521D7AE8200D53711 /* ESTabBarController.swift */; };
		B241B6AF21D7AE8200D53711 /* ESTabBarItemContentView.swift in Sources */ = {isa = PBXBuildFile; fileRef = B241B6A621D7AE8200D53711 /* ESTabBarItemContentView.swift */; };
		B241B6B021D7AE8200D53711 /* ESTabBarItem.swift in Sources */ = {isa = PBXBuildFile; fileRef = B241B6A721D7AE8200D53711 /* ESTabBarItem.swift */; };
		B241B6B121D7AE8200D53711 /* ESTabBarItemBadgeView.swift in Sources */ = {isa = PBXBuildFile; fileRef = B241B6A821D7AE8200D53711 /* ESTabBarItemBadgeView.swift */; };
		B241B6B221D7AE8200D53711 /* ESTabBar.swift in Sources */ = {isa = PBXBuildFile; fileRef = B241B6A921D7AE8200D53711 /* ESTabBar.swift */; };
		B241B6B321D7AE8200D53711 /* ESTabBarItemContainer.swift in Sources */ = {isa = PBXBuildFile; fileRef = B241B6AA21D7AE8200D53711 /* ESTabBarItemContainer.swift */; };
		B241B6B721D7AEE000D53711 /* ExampleBouncesContentView.swift in Sources */ = {isa = PBXBuildFile; fileRef = B241B6B521D7AEE000D53711 /* ExampleBouncesContentView.swift */; };
		B241B6B821D7AEE000D53711 /* ExampleIrregularityContentView.swift in Sources */ = {isa = PBXBuildFile; fileRef = B241B6B621D7AEE000D53711 /* ExampleIrregularityContentView.swift */; };
		B241B6BA21D7AFF600D53711 /* pop.framework in Frameworks */ = {isa = PBXBuildFile; fileRef = B241B6B921D7AFF600D53711 /* pop.framework */; };
		B241B6BE21D7B08A00D53711 /* pop.framework in Embed Frameworks */ = {isa = PBXBuildFile; fileRef = B241B6B921D7AFF600D53711 /* pop.framework */; settings = {ATTRIBUTES = (CodeSignOnCopy, RemoveHeadersOnCopy, ); }; };
		B241B6CB21D8A71500D53711 /* D-DINCondensed.otf in Resources */ = {isa = PBXBuildFile; fileRef = B241B6C321D8A71200D53711 /* D-DINCondensed.otf */; };
		B241B6CC21D8A71500D53711 /* D-DIN-Bold.otf in Resources */ = {isa = PBXBuildFile; fileRef = B241B6C421D8A71300D53711 /* D-DIN-Bold.otf */; };
		B241B6CD21D8A71500D53711 /* D-DINExp-Bold.otf in Resources */ = {isa = PBXBuildFile; fileRef = B241B6C521D8A71300D53711 /* D-DINExp-Bold.otf */; };
		B241B6CF21D8A71500D53711 /* D-DINExp.otf in Resources */ = {isa = PBXBuildFile; fileRef = B241B6C721D8A71400D53711 /* D-DINExp.otf */; };
		B241B6D021D8A71500D53711 /* D-DIN.otf in Resources */ = {isa = PBXBuildFile; fileRef = B241B6C821D8A71400D53711 /* D-DIN.otf */; };
		B241B6D121D8A71500D53711 /* D-DINCondensed-Bold.otf in Resources */ = {isa = PBXBuildFile; fileRef = B241B6C921D8A71400D53711 /* D-DINCondensed-Bold.otf */; };
		B241B6D421D8AC7900D53711 /* CustomLabel.swift in Sources */ = {isa = PBXBuildFile; fileRef = B241B6D321D8AC7900D53711 /* CustomLabel.swift */; };
		B241B6D621D8B00800D53711 /* Font.swift in Sources */ = {isa = PBXBuildFile; fileRef = B241B6D521D8B00800D53711 /* Font.swift */; };
		B257F4722274867300CB062A /* ProfileViewController.swift in Sources */ = {isa = PBXBuildFile; fileRef = B257F4712274867300CB062A /* ProfileViewController.swift */; };
		B279798E2275D4FB006CB84B /* HSCycleGalleryViewLayout.swift in Sources */ = {isa = PBXBuildFile; fileRef = B279798A2275D4FB006CB84B /* HSCycleGalleryViewLayout.swift */; };
		B279798F2275D4FB006CB84B /* HSCycleGalleryView.swift in Sources */ = {isa = PBXBuildFile; fileRef = B279798B2275D4FB006CB84B /* HSCycleGalleryView.swift */; };
		B27979922275D590006CB84B /* PaymentPlansCollectionViewCell.swift in Sources */ = {isa = PBXBuildFile; fileRef = B27979912275D590006CB84B /* PaymentPlansCollectionViewCell.swift */; };
		B27979942275D78A006CB84B /* PaymentPlansTableViewCell.swift in Sources */ = {isa = PBXBuildFile; fileRef = B27979932275D78A006CB84B /* PaymentPlansTableViewCell.swift */; };
		B27979D222770F9B006CB84B /* PopBounceButton.swift in Sources */ = {isa = PBXBuildFile; fileRef = B27979CE22770F9B006CB84B /* PopBounceButton.swift */; };
		B27979D322770F9B006CB84B /* ButtonAnimator.swift in Sources */ = {isa = PBXBuildFile; fileRef = B27979CF22770F9B006CB84B /* ButtonAnimator.swift */; };
		B27979D422770F9B006CB84B /* .gitkeep in Resources */ = {isa = PBXBuildFile; fileRef = B27979D122770F9B006CB84B /* .gitkeep */; };
		B29AA2E621E9FF4200192393 /* BaseViewController.swift in Sources */ = {isa = PBXBuildFile; fileRef = B29AA2E521E9FF4200192393 /* BaseViewController.swift */; };
		B29AA2E821EA128700192393 /* SearchResultTableViewCell.swift in Sources */ = {isa = PBXBuildFile; fileRef = B29AA2E721EA128700192393 /* SearchResultTableViewCell.swift */; };
		B2A2585221E08A8F00CF3738 /* IRANYekanRegularMobile(FaNum).ttf in Resources */ = {isa = PBXBuildFile; fileRef = B2A2584F21E08A8E00CF3738 /* IRANYekanRegularMobile(FaNum).ttf */; };
		B2A2585321E08A8F00CF3738 /* IRANYekanLightMobile(FaNum).ttf in Resources */ = {isa = PBXBuildFile; fileRef = B2A2585021E08A8F00CF3738 /* IRANYekanLightMobile(FaNum).ttf */; };
		B2A2585421E08A8F00CF3738 /* IRANYekanMobileBold(FaNum).ttf in Resources */ = {isa = PBXBuildFile; fileRef = B2A2585121E08A8F00CF3738 /* IRANYekanMobileBold(FaNum).ttf */; };
		B2A2585621E0B1FB00CF3738 /* CustomTextField.swift in Sources */ = {isa = PBXBuildFile; fileRef = B2A2585521E0B1FB00CF3738 /* CustomTextField.swift */; };
		B2A2585821E0B3C100CF3738 /* API.swift in Sources */ = {isa = PBXBuildFile; fileRef = B2A2585721E0B3C100CF3738 /* API.swift */; };
		B2A2585A21E0B3CE00CF3738 /* MusicViewModel.swift in Sources */ = {isa = PBXBuildFile; fileRef = B2A2585921E0B3CE00CF3738 /* MusicViewModel.swift */; };
		B2A2585C21E0B3DA00CF3738 /* MusicTrack.swift in Sources */ = {isa = PBXBuildFile; fileRef = B2A2585B21E0B3DA00CF3738 /* MusicTrack.swift */; };
		B2AA08A422DB783F00681BC7 /* ProfileTableViewCell.swift in Sources */ = {isa = PBXBuildFile; fileRef = B2AA08A322DB783F00681BC7 /* ProfileTableViewCell.swift */; };
		B2AA08AC22DB797A00681BC7 /* HoshiTextField.swift in Sources */ = {isa = PBXBuildFile; fileRef = B2AA08A922DB797A00681BC7 /* HoshiTextField.swift */; };
		B2AA08AD22DB797A00681BC7 /* TextFieldEffects.swift in Sources */ = {isa = PBXBuildFile; fileRef = B2AA08AA22DB797A00681BC7 /* TextFieldEffects.swift */; };
		B2BB469F22217FB200D97FA8 /* NVActivityIndicatorAnimationDelegate.swift in Sources */ = {isa = PBXBuildFile; fileRef = B2BB467622217FB200D97FA8 /* NVActivityIndicatorAnimationDelegate.swift */; };
		B2BB46A022217FB200D97FA8 /* NVActivityIndicatorPresenter.swift in Sources */ = {isa = PBXBuildFile; fileRef = B2BB467822217FB200D97FA8 /* NVActivityIndicatorPresenter.swift */; };
		B2BB46A122217FB200D97FA8 /* NVActivityIndicatorViewable.swift in Sources */ = {isa = PBXBuildFile; fileRef = B2BB467922217FB200D97FA8 /* NVActivityIndicatorViewable.swift */; };
		B2BB46A222217FB200D97FA8 /* NVActivityIndicatorShape.swift in Sources */ = {isa = PBXBuildFile; fileRef = B2BB467B22217FB200D97FA8 /* NVActivityIndicatorShape.swift */; };
		B2BB46A322217FB200D97FA8 /* NVActivityIndicatorView.swift in Sources */ = {isa = PBXBuildFile; fileRef = B2BB467C22217FB200D97FA8 /* NVActivityIndicatorView.swift */; };
		B2BB46A422217FB200D97FA8 /* NVActivityIndicatorAnimationBallRotate.swift in Sources */ = {isa = PBXBuildFile; fileRef = B2BB467E22217FB200D97FA8 /* NVActivityIndicatorAnimationBallRotate.swift */; };
		B2BB46A522217FB200D97FA8 /* NVActivityIndicatorAnimationBallGridPulse.swift in Sources */ = {isa = PBXBuildFile; fileRef = B2BB467F22217FB200D97FA8 /* NVActivityIndicatorAnimationBallGridPulse.swift */; };
		B2BB46A622217FB200D97FA8 /* NVActivityIndicatorAnimationBallClipRotate.swift in Sources */ = {isa = PBXBuildFile; fileRef = B2BB468022217FB200D97FA8 /* NVActivityIndicatorAnimationBallClipRotate.swift */; };
		B2BB46A722217FB200D97FA8 /* NVActivityIndicatorAnimationBallClipRotateMultiple.swift in Sources */ = {isa = PBXBuildFile; fileRef = B2BB468122217FB200D97FA8 /* NVActivityIndicatorAnimationBallClipRotateMultiple.swift */; };
		B2BB46A822217FB200D97FA8 /* NVActivityIndicatorAnimationBallTrianglePath.swift in Sources */ = {isa = PBXBuildFile; fileRef = B2BB468222217FB200D97FA8 /* NVActivityIndicatorAnimationBallTrianglePath.swift */; };
		B2BB46A922217FB200D97FA8 /* NVActivityIndicatorAnimationLineScalePulseOut.swift in Sources */ = {isa = PBXBuildFile; fileRef = B2BB468322217FB200D97FA8 /* NVActivityIndicatorAnimationLineScalePulseOut.swift */; };
		B2BB46AA22217FB200D97FA8 /* NVActivityIndicatorAnimationLineSpinFadeLoader.swift in Sources */ = {isa = PBXBuildFile; fileRef = B2BB468422217FB200D97FA8 /* NVActivityIndicatorAnimationLineSpinFadeLoader.swift */; };
		B2BB46AB22217FB200D97FA8 /* NVActivityIndicatorAnimationBallZigZagDeflect.swift in Sources */ = {isa = PBXBuildFile; fileRef = B2BB468522217FB200D97FA8 /* NVActivityIndicatorAnimationBallZigZagDeflect.swift */; };
		B2BB46AC22217FB200D97FA8 /* NVActivityIndicatorAnimationBallScale.swift in Sources */ = {isa = PBXBuildFile; fileRef = B2BB468622217FB200D97FA8 /* NVActivityIndicatorAnimationBallScale.swift */; };
		B2BB46AD22217FB200D97FA8 /* NVActivityIndicatorAnimationBallZigZag.swift in Sources */ = {isa = PBXBuildFile; fileRef = B2BB468722217FB200D97FA8 /* NVActivityIndicatorAnimationBallZigZag.swift */; };
		B2BB46AE22217FB200D97FA8 /* NVActivityIndicatorAnimationBallBeat.swift in Sources */ = {isa = PBXBuildFile; fileRef = B2BB468822217FB200D97FA8 /* NVActivityIndicatorAnimationBallBeat.swift */; };
		B2BB46AF22217FB200D97FA8 /* NVActivityIndicatorAnimationSemiCircleSpin.swift in Sources */ = {isa = PBXBuildFile; fileRef = B2BB468922217FB200D97FA8 /* NVActivityIndicatorAnimationSemiCircleSpin.swift */; };
		B2BB46B022217FB200D97FA8 /* NVActivityIndicatorAnimationBallScaleRipple.swift in Sources */ = {isa = PBXBuildFile; fileRef = B2BB468A22217FB200D97FA8 /* NVActivityIndicatorAnimationBallScaleRipple.swift */; };
		B2BB46B122217FB200D97FA8 /* NVActivityIndicatorAnimationBallClipRotatePulse.swift in Sources */ = {isa = PBXBuildFile; fileRef = B2BB468B22217FB200D97FA8 /* NVActivityIndicatorAnimationBallClipRotatePulse.swift */; };
		B2BB46B222217FB200D97FA8 /* NVActivityIndicatorAnimationSquareSpin.swift in Sources */ = {isa = PBXBuildFile; fileRef = B2BB468C22217FB200D97FA8 /* NVActivityIndicatorAnimationSquareSpin.swift */; };
		B2BB46B322217FB200D97FA8 /* NVActivityIndicatorAnimationBallRotateChase.swift in Sources */ = {isa = PBXBuildFile; fileRef = B2BB468D22217FB200D97FA8 /* NVActivityIndicatorAnimationBallRotateChase.swift */; };
		B2BB46B422217FB200D97FA8 /* NVActivityIndicatorAnimationBallPulse.swift in Sources */ = {isa = PBXBuildFile; fileRef = B2BB468E22217FB200D97FA8 /* NVActivityIndicatorAnimationBallPulse.swift */; };
		B2BB46B522217FB200D97FA8 /* NVActivityIndicatorAnimationBlank.swift in Sources */ = {isa = PBXBuildFile; fileRef = B2BB468F22217FB200D97FA8 /* NVActivityIndicatorAnimationBlank.swift */; };
		B2BB46B622217FB200D97FA8 /* NVActivityIndicatorAnimationCircleStrokeSpin.swift in Sources */ = {isa = PBXBuildFile; fileRef = B2BB469022217FB200D97FA8 /* NVActivityIndicatorAnimationCircleStrokeSpin.swift */; };
		B2BB46B722217FB200D97FA8 /* NVActivityIndicatorAnimationAudioEqualizer.swift in Sources */ = {isa = PBXBuildFile; fileRef = B2BB469122217FB200D97FA8 /* NVActivityIndicatorAnimationAudioEqualizer.swift */; };
		B2BB46B822217FB200D97FA8 /* NVActivityIndicatorAnimationTriangleSkewSpin.swift in Sources */ = {isa = PBXBuildFile; fileRef = B2BB469222217FB200D97FA8 /* NVActivityIndicatorAnimationTriangleSkewSpin.swift */; };
		B2BB46B922217FB200D97FA8 /* NVActivityIndicatorAnimationBallGridBeat.swift in Sources */ = {isa = PBXBuildFile; fileRef = B2BB469322217FB200D97FA8 /* NVActivityIndicatorAnimationBallGridBeat.swift */; };
		B2BB46BA22217FB200D97FA8 /* NVActivityIndicatorAnimationBallScaleMultiple.swift in Sources */ = {isa = PBXBuildFile; fileRef = B2BB469422217FB200D97FA8 /* NVActivityIndicatorAnimationBallScaleMultiple.swift */; };
		B2BB46BB22217FB200D97FA8 /* NVActivityIndicatorAnimationLineScale.swift in Sources */ = {isa = PBXBuildFile; fileRef = B2BB469522217FB200D97FA8 /* NVActivityIndicatorAnimationLineScale.swift */; };
		B2BB46BC22217FB200D97FA8 /* NVActivityIndicatorAnimationBallScaleRippleMultiple.swift in Sources */ = {isa = PBXBuildFile; fileRef = B2BB469622217FB200D97FA8 /* NVActivityIndicatorAnimationBallScaleRippleMultiple.swift */; };
		B2BB46BD22217FB200D97FA8 /* NVActivityIndicatorAnimationPacman.swift in Sources */ = {isa = PBXBuildFile; fileRef = B2BB469722217FB200D97FA8 /* NVActivityIndicatorAnimationPacman.swift */; };
		B2BB46BE22217FB200D97FA8 /* NVActivityIndicatorAnimationBallPulseSync.swift in Sources */ = {isa = PBXBuildFile; fileRef = B2BB469822217FB200D97FA8 /* NVActivityIndicatorAnimationBallPulseSync.swift */; };
		B2BB46BF22217FB200D97FA8 /* NVActivityIndicatorAnimationCubeTransition.swift in Sources */ = {isa = PBXBuildFile; fileRef = B2BB469922217FB200D97FA8 /* NVActivityIndicatorAnimationCubeTransition.swift */; };
		B2BB46C022217FB200D97FA8 /* NVActivityIndicatorAnimationBallSpinFadeLoader.swift in Sources */ = {isa = PBXBuildFile; fileRef = B2BB469A22217FB200D97FA8 /* NVActivityIndicatorAnimationBallSpinFadeLoader.swift */; };
		B2BB46C122217FB300D97FA8 /* NVActivityIndicatorAnimationLineScaleParty.swift in Sources */ = {isa = PBXBuildFile; fileRef = B2BB469B22217FB200D97FA8 /* NVActivityIndicatorAnimationLineScaleParty.swift */; };
		B2BB46C222217FB300D97FA8 /* NVActivityIndicatorAnimationLineScalePulseOutRapid.swift in Sources */ = {isa = PBXBuildFile; fileRef = B2BB469C22217FB200D97FA8 /* NVActivityIndicatorAnimationLineScalePulseOutRapid.swift */; };
		B2BB46C322217FB300D97FA8 /* NVActivityIndicatorAnimationBallPulseRise.swift in Sources */ = {isa = PBXBuildFile; fileRef = B2BB469D22217FB200D97FA8 /* NVActivityIndicatorAnimationBallPulseRise.swift */; };
		B2BB46C422217FB300D97FA8 /* NVActivityIndicatorAnimationOrbit.swift in Sources */ = {isa = PBXBuildFile; fileRef = B2BB469E22217FB200D97FA8 /* NVActivityIndicatorAnimationOrbit.swift */; };
		B2BB511F21E5DD8800A35D36 /* DownloadViewController.swift in Sources */ = {isa = PBXBuildFile; fileRef = B2BB511E21E5DD8800A35D36 /* DownloadViewController.swift */; };
		B2BB512321E5E1BF00A35D36 /* BaseViewControllerPresented.swift in Sources */ = {isa = PBXBuildFile; fileRef = B2BB512221E5E1BF00A35D36 /* BaseViewControllerPresented.swift */; };
		B2C5B6EB21EF6FE800E32554 /* SearchResult.swift in Sources */ = {isa = PBXBuildFile; fileRef = B2C5B6EA21EF6FE800E32554 /* SearchResult.swift */; };
		B2C5B6ED21EF75F700E32554 /* Const.swift in Sources */ = {isa = PBXBuildFile; fileRef = B2C5B6EC21EF75F700E32554 /* Const.swift */; };
		B2C5B6EF21EF764700E32554 /* Urls.swift in Sources */ = {isa = PBXBuildFile; fileRef = B2C5B6EE21EF764700E32554 /* Urls.swift */; };
		B2C5B6F121EF7E3400E32554 /* CustomImageView.swift in Sources */ = {isa = PBXBuildFile; fileRef = B2C5B6F021EF7E3400E32554 /* CustomImageView.swift */; };
		B2FBB38221E1F56200778B81 /* B Koodak Bold_0.ttf in Resources */ = {isa = PBXBuildFile; fileRef = B2FBB38121E1F56200778B81 /* B Koodak Bold_0.ttf */; };
		B2FBB38421E1F8F600778B81 /* GhostTyper.swift in Sources */ = {isa = PBXBuildFile; fileRef = B2FBB38321E1F8F600778B81 /* GhostTyper.swift */; };
		B2FBB38721E1F9C800778B81 /* CustomTyperLabel.swift in Sources */ = {isa = PBXBuildFile; fileRef = B2FBB38621E1F9C800778B81 /* CustomTyperLabel.swift */; };
		B2FFE9E321D9042B00FE0C0F /* AppDelegateTabBar.swift in Sources */ = {isa = PBXBuildFile; fileRef = B2FFE9E221D9042B00FE0C0F /* AppDelegateTabBar.swift */; };
		B2FFE9E521D9052800FE0C0F /* AppDelegateGoogleSignIn.swift in Sources */ = {isa = PBXBuildFile; fileRef = B2FFE9E421D9052800FE0C0F /* AppDelegateGoogleSignIn.swift */; };
		B2FFE9E721D9070500FE0C0F /* credentials.plist in Resources */ = {isa = PBXBuildFile; fileRef = B2FFE9E621D9070500FE0C0F /* credentials.plist */; };
		B2FFE9E921D9FC7300FE0C0F /* HomeViewController.swift in Sources */ = {isa = PBXBuildFile; fileRef = B2FFE9E821D9FC7300FE0C0F /* HomeViewController.swift */; };
		E26A408A21F08C5C00E71D39 /* Player.swift in Sources */ = {isa = PBXBuildFile; fileRef = E26A408921F08C5C00E71D39 /* Player.swift */; };
		E26A408C21F09BF300E71D39 /* ProgressBar.swift in Sources */ = {isa = PBXBuildFile; fileRef = E26A408B21F09BF300E71D39 /* ProgressBar.swift */; };
		E27A70642211F92A001751BC /* UIImageColors.swift in Sources */ = {isa = PBXBuildFile; fileRef = E27A703B2211F92A001751BC /* UIImageColors.swift */; };
		E27A70652211F92A001751BC /* UIImageEffects.swift in Sources */ = {isa = PBXBuildFile; fileRef = E27A703C2211F92A001751BC /* UIImageEffects.swift */; };
		E27A70662211F92A001751BC /* Constants.swift in Sources */ = {isa = PBXBuildFile; fileRef = E27A703E2211F92A001751BC /* Constants.swift */; };
		E27A70672211F92A001751BC /* MetaData.swift in Sources */ = {isa = PBXBuildFile; fileRef = E27A70402211F92A001751BC /* MetaData.swift */; };
		E27A70682211F92A001751BC /* Song.swift in Sources */ = {isa = PBXBuildFile; fileRef = E27A70412211F92A001751BC /* Song.swift */; };
		E27A70692211F92A001751BC /* CommonExtensions.swift in Sources */ = {isa = PBXBuildFile; fileRef = E27A70432211F92A001751BC /* CommonExtensions.swift */; };
		E27A706A2211F92A001751BC /* Array.swift in Sources */ = {isa = PBXBuildFile; fileRef = E27A70442211F92A001751BC /* Array.swift */; };
		E27A706B2211F92A001751BC /* NSObjectExtensions.swift in Sources */ = {isa = PBXBuildFile; fileRef = E27A70452211F92A001751BC /* NSObjectExtensions.swift */; };
		E27A706C2211F92A001751BC /* PandoraPlayer.swift in Sources */ = {isa = PBXBuildFile; fileRef = E27A70472211F92A001751BC /* PandoraPlayer.swift */; };
		E27A706D2211F92A001751BC /* RoundedPictureCollectionViewCell.xib in Resources */ = {isa = PBXBuildFile; fileRef = E27A704B2211F92A001751BC /* RoundedPictureCollectionViewCell.xib */; };
		E27A706E2211F92A001751BC /* RoundedPictureCollectionViewCell.swift in Sources */ = {isa = PBXBuildFile; fileRef = E27A704C2211F92A001751BC /* RoundedPictureCollectionViewCell.swift */; };
		E27A706F2211F92A001751BC /* WaveVisualizer.xib in Resources */ = {isa = PBXBuildFile; fileRef = E27A704E2211F92A001751BC /* WaveVisualizer.xib */; };
		E27A70702211F92A001751BC /* WaveVisualizer.swift in Sources */ = {isa = PBXBuildFile; fileRef = E27A704F2211F92A001751BC /* WaveVisualizer.swift */; };
		E27A70712211F92A001751BC /* ViewWithXib.swift in Sources */ = {isa = PBXBuildFile; fileRef = E27A70502211F92A001751BC /* ViewWithXib.swift */; };
		E27A70722211F92A001751BC /* PlayerControls.swift in Sources */ = {isa = PBXBuildFile; fileRef = E27A70522211F92A001751BC /* PlayerControls.swift */; };
		E27A70732211F92A001751BC /* PlayerControls.xib in Resources */ = {isa = PBXBuildFile; fileRef = E27A70532211F92A001751BC /* PlayerControls.xib */; };
		E27A70742211F92A001751BC /* CenterCellCollectionViewFlowLayout.swift in Sources */ = {isa = PBXBuildFile; fileRef = E27A70552211F92A001751BC /* CenterCellCollectionViewFlowLayout.swift */; };
		E27A70752211F92A001751BC /* PlayerSongList.swift in Sources */ = {isa = PBXBuildFile; fileRef = E27A70562211F92A001751BC /* PlayerSongList.swift */; };
		E27A70762211F92A001751BC /* PlayerSongList.xib in Resources */ = {isa = PBXBuildFile; fileRef = E27A70572211F92A001751BC /* PlayerSongList.xib */; };
		E27A70772211F92A001751BC /* PlayerSlider.swift in Sources */ = {isa = PBXBuildFile; fileRef = E27A70592211F92A001751BC /* PlayerSlider.swift */; };
		E27A70782211F92A001751BC /* PlayerSlider.xib in Resources */ = {isa = PBXBuildFile; fileRef = E27A705A2211F92A001751BC /* PlayerSlider.xib */; };
		E27A70792211F92A001751BC /* VisualisationHelper.swift in Sources */ = {isa = PBXBuildFile; fileRef = E27A705C2211F92A001751BC /* VisualisationHelper.swift */; };
		E27A707A2211F92A001751BC /* PandoraPlayer.storyboard in Resources */ = {isa = PBXBuildFile; fileRef = E27A705F2211F92A001751BC /* PandoraPlayer.storyboard */; };
		E27A707B2211F92A001751BC /* Assets.xcassets in Resources */ = {isa = PBXBuildFile; fileRef = E27A70612211F92A001751BC /* Assets.xcassets */; };
/* End PBXBuildFile section */

/* Begin PBXCopyFilesBuildPhase section */
		B241B6BF21D7B08A00D53711 /* Embed Frameworks */ = {
			isa = PBXCopyFilesBuildPhase;
			buildActionMask = 2147483647;
			dstPath = "";
			dstSubfolderSpec = 10;
			files = (
				B241B6BE21D7B08A00D53711 /* pop.framework in Embed Frameworks */,
			);
			name = "Embed Frameworks";
			runOnlyForDeploymentPostprocessing = 0;
		};
/* End PBXCopyFilesBuildPhase section */

/* Begin PBXFileReference section */
		218FB137313D0A24198C8E6B /* Pods-iMusic.debug.xcconfig */ = {isa = PBXFileReference; includeInIndex = 1; lastKnownFileType = text.xcconfig; name = "Pods-iMusic.debug.xcconfig"; path = "Pods/Target Support Files/Pods-iMusic/Pods-iMusic.debug.xcconfig"; sourceTree = "<group>"; };
		9AF474DA192215479CA74CC4 /* Pods_iMusic.framework */ = {isa = PBXFileReference; explicitFileType = wrapper.framework; includeInIndex = 0; path = Pods_iMusic.framework; sourceTree = BUILT_PRODUCTS_DIR; };
		B2075E5F222BFE4A000D87A4 /* iMusic-Bridging-Header.h */ = {isa = PBXFileReference; lastKnownFileType = sourcecode.c.h; path = "iMusic-Bridging-Header.h"; sourceTree = "<group>"; };
		B215778823154B5B00E67AB9 /* SearchSuggestionCell.swift */ = {isa = PBXFileReference; lastKnownFileType = sourcecode.swift; path = SearchSuggestionCell.swift; sourceTree = "<group>"; };
		B215778A231A77A800E67AB9 /* YourPlaylistRow.swift */ = {isa = PBXFileReference; lastKnownFileType = sourcecode.swift; path = YourPlaylistRow.swift; sourceTree = "<group>"; };
		B215778C231A819900E67AB9 /* OfferedPlaylistsCell.swift */ = {isa = PBXFileReference; lastKnownFileType = sourcecode.swift; path = OfferedPlaylistsCell.swift; sourceTree = "<group>"; };
		B215778E231A995800E67AB9 /* PlaylistCollectionViewCell.swift */ = {isa = PBXFileReference; lastKnownFileType = sourcecode.swift; path = PlaylistCollectionViewCell.swift; sourceTree = "<group>"; };
		B224C17322259AFD003BFE22 /* iCarousel.m */ = {isa = PBXFileReference; fileEncoding = 4; lastKnownFileType = sourcecode.c.objc; path = iCarousel.m; sourceTree = "<group>"; };
		B224C17422259AFD003BFE22 /* iCarousel.h */ = {isa = PBXFileReference; fileEncoding = 4; lastKnownFileType = sourcecode.c.h; path = iCarousel.h; sourceTree = "<group>"; };
		B224C17822259B10003BFE22 /* SwiftExample-Bridging-Header.h */ = {isa = PBXFileReference; fileEncoding = 4; lastKnownFileType = sourcecode.c.h; path = "SwiftExample-Bridging-Header.h"; sourceTree = "<group>"; };
		B224C17922259B60003BFE22 /* PlayListsViewController.swift */ = {isa = PBXFileReference; lastKnownFileType = sourcecode.swift; path = PlayListsViewController.swift; sourceTree = "<group>"; };
		B22C3D04220753CA003BBFD1 /* RecentlyPlayedCollectionViewCell.swift */ = {isa = PBXFileReference; lastKnownFileType = sourcecode.swift; path = RecentlyPlayedCollectionViewCell.swift; sourceTree = "<group>"; };
		B23AF067231E5D5B000EEE07 /* OptionsForTrackViewController.swift */ = {isa = PBXFileReference; lastKnownFileType = sourcecode.swift; path = OptionsForTrackViewController.swift; sourceTree = "<group>"; };
		B23AF06B231E96DE000EEE07 /* Playlist.swift */ = {isa = PBXFileReference; lastKnownFileType = sourcecode.swift; path = Playlist.swift; sourceTree = "<group>"; };
		B23AF06D231E987F000EEE07 /* FollowedPlaylistCell.swift */ = {isa = PBXFileReference; lastKnownFileType = sourcecode.swift; path = FollowedPlaylistCell.swift; sourceTree = "<group>"; };
		B23AF06F231EA598000EEE07 /* AddPlaylistCell.swift */ = {isa = PBXFileReference; lastKnownFileType = sourcecode.swift; path = AddPlaylistCell.swift; sourceTree = "<group>"; };
		B23AF071231EAFFA000EEE07 /* PlaylistViewController.swift */ = {isa = PBXFileReference; lastKnownFileType = sourcecode.swift; path = PlaylistViewController.swift; sourceTree = "<group>"; };
		B23AF073231EB056000EEE07 /* AddPlaylistViewController.swift */ = {isa = PBXFileReference; lastKnownFileType = sourcecode.swift; path = AddPlaylistViewController.swift; sourceTree = "<group>"; };
		B23AF0792323E254000EEE07 /* PlaylistManager.swift */ = {isa = PBXFileReference; lastKnownFileType = sourcecode.swift; path = PlaylistManager.swift; sourceTree = "<group>"; };
		B241B67C21D78F8000D53711 /* iMusic.app */ = {isa = PBXFileReference; explicitFileType = wrapper.application; includeInIndex = 0; path = iMusic.app; sourceTree = BUILT_PRODUCTS_DIR; };
		B241B67F21D78F8000D53711 /* AppDelegate.swift */ = {isa = PBXFileReference; lastKnownFileType = sourcecode.swift; path = AppDelegate.swift; sourceTree = "<group>"; };
		B241B68121D78F8000D53711 /* SignUpViewController.swift */ = {isa = PBXFileReference; lastKnownFileType = sourcecode.swift; path = SignUpViewController.swift; sourceTree = "<group>"; };
		B241B68621D78F8300D53711 /* Assets.xcassets */ = {isa = PBXFileReference; lastKnownFileType = folder.assetcatalog; path = Assets.xcassets; sourceTree = "<group>"; };
		B241B68921D78F8300D53711 /* Base */ = {isa = PBXFileReference; lastKnownFileType = file.storyboard; name = Base; path = Base.lproj/LaunchScreen.storyboard; sourceTree = "<group>"; };
		B241B68B21D78F8300D53711 /* Info.plist */ = {isa = PBXFileReference; lastKnownFileType = text.plist.xml; path = Info.plist; sourceTree = "<group>"; };
		B241B69121D791B400D53711 /* BaseViewControllerNormal.swift */ = {isa = PBXFileReference; lastKnownFileType = sourcecode.swift; path = BaseViewControllerNormal.swift; sourceTree = "<group>"; };
		B241B69321D791D100D53711 /* Extentions.swift */ = {isa = PBXFileReference; lastKnownFileType = sourcecode.swift; path = Extentions.swift; sourceTree = "<group>"; };
		B241B69521D791D800D53711 /* Helper.swift */ = {isa = PBXFileReference; lastKnownFileType = sourcecode.swift; path = Helper.swift; sourceTree = "<group>"; };
		B241B6A121D7AE8200D53711 /* LICENSE */ = {isa = PBXFileReference; fileEncoding = 4; lastKnownFileType = text; path = LICENSE; sourceTree = "<group>"; };
		B241B6A221D7AE8200D53711 /* README.md */ = {isa = PBXFileReference; fileEncoding = 4; lastKnownFileType = net.daringfireball.markdown; path = README.md; sourceTree = "<group>"; };
		B241B6A421D7AE8200D53711 /* ESTabBarItemMoreContentView.swift */ = {isa = PBXFileReference; fileEncoding = 4; lastKnownFileType = sourcecode.swift; path = ESTabBarItemMoreContentView.swift; sourceTree = "<group>"; };
		B241B6A521D7AE8200D53711 /* ESTabBarController.swift */ = {isa = PBXFileReference; fileEncoding = 4; lastKnownFileType = sourcecode.swift; path = ESTabBarController.swift; sourceTree = "<group>"; };
		B241B6A621D7AE8200D53711 /* ESTabBarItemContentView.swift */ = {isa = PBXFileReference; fileEncoding = 4; lastKnownFileType = sourcecode.swift; path = ESTabBarItemContentView.swift; sourceTree = "<group>"; };
		B241B6A721D7AE8200D53711 /* ESTabBarItem.swift */ = {isa = PBXFileReference; fileEncoding = 4; lastKnownFileType = sourcecode.swift; path = ESTabBarItem.swift; sourceTree = "<group>"; };
		B241B6A821D7AE8200D53711 /* ESTabBarItemBadgeView.swift */ = {isa = PBXFileReference; fileEncoding = 4; lastKnownFileType = sourcecode.swift; path = ESTabBarItemBadgeView.swift; sourceTree = "<group>"; };
		B241B6A921D7AE8200D53711 /* ESTabBar.swift */ = {isa = PBXFileReference; fileEncoding = 4; lastKnownFileType = sourcecode.swift; path = ESTabBar.swift; sourceTree = "<group>"; };
		B241B6AA21D7AE8200D53711 /* ESTabBarItemContainer.swift */ = {isa = PBXFileReference; fileEncoding = 4; lastKnownFileType = sourcecode.swift; path = ESTabBarItemContainer.swift; sourceTree = "<group>"; };
		B241B6B521D7AEE000D53711 /* ExampleBouncesContentView.swift */ = {isa = PBXFileReference; fileEncoding = 4; lastKnownFileType = sourcecode.swift; path = ExampleBouncesContentView.swift; sourceTree = "<group>"; };
		B241B6B621D7AEE000D53711 /* ExampleIrregularityContentView.swift */ = {isa = PBXFileReference; fileEncoding = 4; lastKnownFileType = sourcecode.swift; path = ExampleIrregularityContentView.swift; sourceTree = "<group>"; };
		B241B6B921D7AFF600D53711 /* pop.framework */ = {isa = PBXFileReference; lastKnownFileType = wrapper.framework; path = pop.framework; sourceTree = "<group>"; };
		B241B6C321D8A71200D53711 /* D-DINCondensed.otf */ = {isa = PBXFileReference; lastKnownFileType = file; path = "D-DINCondensed.otf"; sourceTree = "<group>"; };
		B241B6C421D8A71300D53711 /* D-DIN-Bold.otf */ = {isa = PBXFileReference; lastKnownFileType = file; path = "D-DIN-Bold.otf"; sourceTree = "<group>"; };
		B241B6C521D8A71300D53711 /* D-DINExp-Bold.otf */ = {isa = PBXFileReference; lastKnownFileType = file; path = "D-DINExp-Bold.otf"; sourceTree = "<group>"; };
		B241B6C721D8A71400D53711 /* D-DINExp.otf */ = {isa = PBXFileReference; lastKnownFileType = file; path = "D-DINExp.otf"; sourceTree = "<group>"; };
		B241B6C821D8A71400D53711 /* D-DIN.otf */ = {isa = PBXFileReference; lastKnownFileType = file; path = "D-DIN.otf"; sourceTree = "<group>"; };
		B241B6C921D8A71400D53711 /* D-DINCondensed-Bold.otf */ = {isa = PBXFileReference; lastKnownFileType = file; path = "D-DINCondensed-Bold.otf"; sourceTree = "<group>"; };
		B241B6D321D8AC7900D53711 /* CustomLabel.swift */ = {isa = PBXFileReference; lastKnownFileType = sourcecode.swift; path = CustomLabel.swift; sourceTree = "<group>"; };
		B241B6D521D8B00800D53711 /* Font.swift */ = {isa = PBXFileReference; lastKnownFileType = sourcecode.swift; path = Font.swift; sourceTree = "<group>"; };
		B257F4712274867300CB062A /* ProfileViewController.swift */ = {isa = PBXFileReference; lastKnownFileType = sourcecode.swift; path = ProfileViewController.swift; sourceTree = "<group>"; };
		B279798A2275D4FB006CB84B /* HSCycleGalleryViewLayout.swift */ = {isa = PBXFileReference; fileEncoding = 4; lastKnownFileType = sourcecode.swift; path = HSCycleGalleryViewLayout.swift; sourceTree = "<group>"; };
		B279798B2275D4FB006CB84B /* HSCycleGalleryView.swift */ = {isa = PBXFileReference; fileEncoding = 4; lastKnownFileType = sourcecode.swift; path = HSCycleGalleryView.swift; sourceTree = "<group>"; };
		B279798D2275D4FB006CB84B /* HSCycleGalleryView.h */ = {isa = PBXFileReference; fileEncoding = 4; lastKnownFileType = sourcecode.c.h; path = HSCycleGalleryView.h; sourceTree = "<group>"; };
		B27979912275D590006CB84B /* PaymentPlansCollectionViewCell.swift */ = {isa = PBXFileReference; lastKnownFileType = sourcecode.swift; path = PaymentPlansCollectionViewCell.swift; sourceTree = "<group>"; };
		B27979932275D78A006CB84B /* PaymentPlansTableViewCell.swift */ = {isa = PBXFileReference; lastKnownFileType = sourcecode.swift; path = PaymentPlansTableViewCell.swift; sourceTree = "<group>"; };
		B27979CE22770F9B006CB84B /* PopBounceButton.swift */ = {isa = PBXFileReference; fileEncoding = 4; lastKnownFileType = sourcecode.swift; path = PopBounceButton.swift; sourceTree = "<group>"; };
		B27979CF22770F9B006CB84B /* ButtonAnimator.swift */ = {isa = PBXFileReference; fileEncoding = 4; lastKnownFileType = sourcecode.swift; path = ButtonAnimator.swift; sourceTree = "<group>"; };
		B27979D122770F9B006CB84B /* .gitkeep */ = {isa = PBXFileReference; fileEncoding = 4; lastKnownFileType = text; path = .gitkeep; sourceTree = "<group>"; };
		B29AA2E521E9FF4200192393 /* BaseViewController.swift */ = {isa = PBXFileReference; lastKnownFileType = sourcecode.swift; path = BaseViewController.swift; sourceTree = "<group>"; };
		B29AA2E721EA128700192393 /* SearchResultTableViewCell.swift */ = {isa = PBXFileReference; lastKnownFileType = sourcecode.swift; path = SearchResultTableViewCell.swift; sourceTree = "<group>"; };
		B2A2584F21E08A8E00CF3738 /* IRANYekanRegularMobile(FaNum).ttf */ = {isa = PBXFileReference; lastKnownFileType = file; path = "IRANYekanRegularMobile(FaNum).ttf"; sourceTree = "<group>"; };
		B2A2585021E08A8F00CF3738 /* IRANYekanLightMobile(FaNum).ttf */ = {isa = PBXFileReference; lastKnownFileType = file; path = "IRANYekanLightMobile(FaNum).ttf"; sourceTree = "<group>"; };
		B2A2585121E08A8F00CF3738 /* IRANYekanMobileBold(FaNum).ttf */ = {isa = PBXFileReference; lastKnownFileType = file; path = "IRANYekanMobileBold(FaNum).ttf"; sourceTree = "<group>"; };
		B2A2585521E0B1FB00CF3738 /* CustomTextField.swift */ = {isa = PBXFileReference; lastKnownFileType = sourcecode.swift; path = CustomTextField.swift; sourceTree = "<group>"; };
		B2A2585721E0B3C100CF3738 /* API.swift */ = {isa = PBXFileReference; lastKnownFileType = sourcecode.swift; path = API.swift; sourceTree = "<group>"; };
		B2A2585921E0B3CE00CF3738 /* MusicViewModel.swift */ = {isa = PBXFileReference; lastKnownFileType = sourcecode.swift; path = MusicViewModel.swift; sourceTree = "<group>"; };
		B2A2585B21E0B3DA00CF3738 /* MusicTrack.swift */ = {isa = PBXFileReference; lastKnownFileType = sourcecode.swift; path = MusicTrack.swift; sourceTree = "<group>"; };
		B2AA08A322DB783F00681BC7 /* ProfileTableViewCell.swift */ = {isa = PBXFileReference; lastKnownFileType = sourcecode.swift; path = ProfileTableViewCell.swift; sourceTree = "<group>"; };
		B2AA08A822DB797A00681BC7 /* TextFieldEffects.h */ = {isa = PBXFileReference; fileEncoding = 4; lastKnownFileType = sourcecode.c.h; path = TextFieldEffects.h; sourceTree = "<group>"; };
		B2AA08A922DB797A00681BC7 /* HoshiTextField.swift */ = {isa = PBXFileReference; fileEncoding = 4; lastKnownFileType = sourcecode.swift; path = HoshiTextField.swift; sourceTree = "<group>"; };
		B2AA08AA22DB797A00681BC7 /* TextFieldEffects.swift */ = {isa = PBXFileReference; fileEncoding = 4; lastKnownFileType = sourcecode.swift; path = TextFieldEffects.swift; sourceTree = "<group>"; };
		B2AA08AB22DB797A00681BC7 /* Info.plist */ = {isa = PBXFileReference; fileEncoding = 4; lastKnownFileType = text.plist.xml; path = Info.plist; sourceTree = "<group>"; };
		B2BB467622217FB200D97FA8 /* NVActivityIndicatorAnimationDelegate.swift */ = {isa = PBXFileReference; fileEncoding = 4; lastKnownFileType = sourcecode.swift; path = NVActivityIndicatorAnimationDelegate.swift; sourceTree = "<group>"; };
		B2BB467822217FB200D97FA8 /* NVActivityIndicatorPresenter.swift */ = {isa = PBXFileReference; fileEncoding = 4; lastKnownFileType = sourcecode.swift; path = NVActivityIndicatorPresenter.swift; sourceTree = "<group>"; };
		B2BB467922217FB200D97FA8 /* NVActivityIndicatorViewable.swift */ = {isa = PBXFileReference; fileEncoding = 4; lastKnownFileType = sourcecode.swift; path = NVActivityIndicatorViewable.swift; sourceTree = "<group>"; };
		B2BB467A22217FB200D97FA8 /* NVActivityIndicatorView.h */ = {isa = PBXFileReference; fileEncoding = 4; lastKnownFileType = sourcecode.c.h; path = NVActivityIndicatorView.h; sourceTree = "<group>"; };
		B2BB467B22217FB200D97FA8 /* NVActivityIndicatorShape.swift */ = {isa = PBXFileReference; fileEncoding = 4; lastKnownFileType = sourcecode.swift; path = NVActivityIndicatorShape.swift; sourceTree = "<group>"; };
		B2BB467C22217FB200D97FA8 /* NVActivityIndicatorView.swift */ = {isa = PBXFileReference; fileEncoding = 4; lastKnownFileType = sourcecode.swift; path = NVActivityIndicatorView.swift; sourceTree = "<group>"; };
		B2BB467E22217FB200D97FA8 /* NVActivityIndicatorAnimationBallRotate.swift */ = {isa = PBXFileReference; fileEncoding = 4; lastKnownFileType = sourcecode.swift; path = NVActivityIndicatorAnimationBallRotate.swift; sourceTree = "<group>"; };
		B2BB467F22217FB200D97FA8 /* NVActivityIndicatorAnimationBallGridPulse.swift */ = {isa = PBXFileReference; fileEncoding = 4; lastKnownFileType = sourcecode.swift; path = NVActivityIndicatorAnimationBallGridPulse.swift; sourceTree = "<group>"; };
		B2BB468022217FB200D97FA8 /* NVActivityIndicatorAnimationBallClipRotate.swift */ = {isa = PBXFileReference; fileEncoding = 4; lastKnownFileType = sourcecode.swift; path = NVActivityIndicatorAnimationBallClipRotate.swift; sourceTree = "<group>"; };
		B2BB468122217FB200D97FA8 /* NVActivityIndicatorAnimationBallClipRotateMultiple.swift */ = {isa = PBXFileReference; fileEncoding = 4; lastKnownFileType = sourcecode.swift; path = NVActivityIndicatorAnimationBallClipRotateMultiple.swift; sourceTree = "<group>"; };
		B2BB468222217FB200D97FA8 /* NVActivityIndicatorAnimationBallTrianglePath.swift */ = {isa = PBXFileReference; fileEncoding = 4; lastKnownFileType = sourcecode.swift; path = NVActivityIndicatorAnimationBallTrianglePath.swift; sourceTree = "<group>"; };
		B2BB468322217FB200D97FA8 /* NVActivityIndicatorAnimationLineScalePulseOut.swift */ = {isa = PBXFileReference; fileEncoding = 4; lastKnownFileType = sourcecode.swift; path = NVActivityIndicatorAnimationLineScalePulseOut.swift; sourceTree = "<group>"; };
		B2BB468422217FB200D97FA8 /* NVActivityIndicatorAnimationLineSpinFadeLoader.swift */ = {isa = PBXFileReference; fileEncoding = 4; lastKnownFileType = sourcecode.swift; path = NVActivityIndicatorAnimationLineSpinFadeLoader.swift; sourceTree = "<group>"; };
		B2BB468522217FB200D97FA8 /* NVActivityIndicatorAnimationBallZigZagDeflect.swift */ = {isa = PBXFileReference; fileEncoding = 4; lastKnownFileType = sourcecode.swift; path = NVActivityIndicatorAnimationBallZigZagDeflect.swift; sourceTree = "<group>"; };
		B2BB468622217FB200D97FA8 /* NVActivityIndicatorAnimationBallScale.swift */ = {isa = PBXFileReference; fileEncoding = 4; lastKnownFileType = sourcecode.swift; path = NVActivityIndicatorAnimationBallScale.swift; sourceTree = "<group>"; };
		B2BB468722217FB200D97FA8 /* NVActivityIndicatorAnimationBallZigZag.swift */ = {isa = PBXFileReference; fileEncoding = 4; lastKnownFileType = sourcecode.swift; path = NVActivityIndicatorAnimationBallZigZag.swift; sourceTree = "<group>"; };
		B2BB468822217FB200D97FA8 /* NVActivityIndicatorAnimationBallBeat.swift */ = {isa = PBXFileReference; fileEncoding = 4; lastKnownFileType = sourcecode.swift; path = NVActivityIndicatorAnimationBallBeat.swift; sourceTree = "<group>"; };
		B2BB468922217FB200D97FA8 /* NVActivityIndicatorAnimationSemiCircleSpin.swift */ = {isa = PBXFileReference; fileEncoding = 4; lastKnownFileType = sourcecode.swift; path = NVActivityIndicatorAnimationSemiCircleSpin.swift; sourceTree = "<group>"; };
		B2BB468A22217FB200D97FA8 /* NVActivityIndicatorAnimationBallScaleRipple.swift */ = {isa = PBXFileReference; fileEncoding = 4; lastKnownFileType = sourcecode.swift; path = NVActivityIndicatorAnimationBallScaleRipple.swift; sourceTree = "<group>"; };
		B2BB468B22217FB200D97FA8 /* NVActivityIndicatorAnimationBallClipRotatePulse.swift */ = {isa = PBXFileReference; fileEncoding = 4; lastKnownFileType = sourcecode.swift; path = NVActivityIndicatorAnimationBallClipRotatePulse.swift; sourceTree = "<group>"; };
		B2BB468C22217FB200D97FA8 /* NVActivityIndicatorAnimationSquareSpin.swift */ = {isa = PBXFileReference; fileEncoding = 4; lastKnownFileType = sourcecode.swift; path = NVActivityIndicatorAnimationSquareSpin.swift; sourceTree = "<group>"; };
		B2BB468D22217FB200D97FA8 /* NVActivityIndicatorAnimationBallRotateChase.swift */ = {isa = PBXFileReference; fileEncoding = 4; lastKnownFileType = sourcecode.swift; path = NVActivityIndicatorAnimationBallRotateChase.swift; sourceTree = "<group>"; };
		B2BB468E22217FB200D97FA8 /* NVActivityIndicatorAnimationBallPulse.swift */ = {isa = PBXFileReference; fileEncoding = 4; lastKnownFileType = sourcecode.swift; path = NVActivityIndicatorAnimationBallPulse.swift; sourceTree = "<group>"; };
		B2BB468F22217FB200D97FA8 /* NVActivityIndicatorAnimationBlank.swift */ = {isa = PBXFileReference; fileEncoding = 4; lastKnownFileType = sourcecode.swift; path = NVActivityIndicatorAnimationBlank.swift; sourceTree = "<group>"; };
		B2BB469022217FB200D97FA8 /* NVActivityIndicatorAnimationCircleStrokeSpin.swift */ = {isa = PBXFileReference; fileEncoding = 4; lastKnownFileType = sourcecode.swift; path = NVActivityIndicatorAnimationCircleStrokeSpin.swift; sourceTree = "<group>"; };
		B2BB469122217FB200D97FA8 /* NVActivityIndicatorAnimationAudioEqualizer.swift */ = {isa = PBXFileReference; fileEncoding = 4; lastKnownFileType = sourcecode.swift; path = NVActivityIndicatorAnimationAudioEqualizer.swift; sourceTree = "<group>"; };
		B2BB469222217FB200D97FA8 /* NVActivityIndicatorAnimationTriangleSkewSpin.swift */ = {isa = PBXFileReference; fileEncoding = 4; lastKnownFileType = sourcecode.swift; path = NVActivityIndicatorAnimationTriangleSkewSpin.swift; sourceTree = "<group>"; };
		B2BB469322217FB200D97FA8 /* NVActivityIndicatorAnimationBallGridBeat.swift */ = {isa = PBXFileReference; fileEncoding = 4; lastKnownFileType = sourcecode.swift; path = NVActivityIndicatorAnimationBallGridBeat.swift; sourceTree = "<group>"; };
		B2BB469422217FB200D97FA8 /* NVActivityIndicatorAnimationBallScaleMultiple.swift */ = {isa = PBXFileReference; fileEncoding = 4; lastKnownFileType = sourcecode.swift; path = NVActivityIndicatorAnimationBallScaleMultiple.swift; sourceTree = "<group>"; };
		B2BB469522217FB200D97FA8 /* NVActivityIndicatorAnimationLineScale.swift */ = {isa = PBXFileReference; fileEncoding = 4; lastKnownFileType = sourcecode.swift; path = NVActivityIndicatorAnimationLineScale.swift; sourceTree = "<group>"; };
		B2BB469622217FB200D97FA8 /* NVActivityIndicatorAnimationBallScaleRippleMultiple.swift */ = {isa = PBXFileReference; fileEncoding = 4; lastKnownFileType = sourcecode.swift; path = NVActivityIndicatorAnimationBallScaleRippleMultiple.swift; sourceTree = "<group>"; };
		B2BB469722217FB200D97FA8 /* NVActivityIndicatorAnimationPacman.swift */ = {isa = PBXFileReference; fileEncoding = 4; lastKnownFileType = sourcecode.swift; path = NVActivityIndicatorAnimationPacman.swift; sourceTree = "<group>"; };
		B2BB469822217FB200D97FA8 /* NVActivityIndicatorAnimationBallPulseSync.swift */ = {isa = PBXFileReference; fileEncoding = 4; lastKnownFileType = sourcecode.swift; path = NVActivityIndicatorAnimationBallPulseSync.swift; sourceTree = "<group>"; };
		B2BB469922217FB200D97FA8 /* NVActivityIndicatorAnimationCubeTransition.swift */ = {isa = PBXFileReference; fileEncoding = 4; lastKnownFileType = sourcecode.swift; path = NVActivityIndicatorAnimationCubeTransition.swift; sourceTree = "<group>"; };
		B2BB469A22217FB200D97FA8 /* NVActivityIndicatorAnimationBallSpinFadeLoader.swift */ = {isa = PBXFileReference; fileEncoding = 4; lastKnownFileType = sourcecode.swift; path = NVActivityIndicatorAnimationBallSpinFadeLoader.swift; sourceTree = "<group>"; };
		B2BB469B22217FB200D97FA8 /* NVActivityIndicatorAnimationLineScaleParty.swift */ = {isa = PBXFileReference; fileEncoding = 4; lastKnownFileType = sourcecode.swift; path = NVActivityIndicatorAnimationLineScaleParty.swift; sourceTree = "<group>"; };
		B2BB469C22217FB200D97FA8 /* NVActivityIndicatorAnimationLineScalePulseOutRapid.swift */ = {isa = PBXFileReference; fileEncoding = 4; lastKnownFileType = sourcecode.swift; path = NVActivityIndicatorAnimationLineScalePulseOutRapid.swift; sourceTree = "<group>"; };
		B2BB469D22217FB200D97FA8 /* NVActivityIndicatorAnimationBallPulseRise.swift */ = {isa = PBXFileReference; fileEncoding = 4; lastKnownFileType = sourcecode.swift; path = NVActivityIndicatorAnimationBallPulseRise.swift; sourceTree = "<group>"; };
		B2BB469E22217FB200D97FA8 /* NVActivityIndicatorAnimationOrbit.swift */ = {isa = PBXFileReference; fileEncoding = 4; lastKnownFileType = sourcecode.swift; path = NVActivityIndicatorAnimationOrbit.swift; sourceTree = "<group>"; };
		B2BB511E21E5DD8800A35D36 /* DownloadViewController.swift */ = {isa = PBXFileReference; lastKnownFileType = sourcecode.swift; path = DownloadViewController.swift; sourceTree = "<group>"; };
		B2BB512221E5E1BF00A35D36 /* BaseViewControllerPresented.swift */ = {isa = PBXFileReference; lastKnownFileType = sourcecode.swift; path = BaseViewControllerPresented.swift; sourceTree = "<group>"; };
		B2C5B6EA21EF6FE800E32554 /* SearchResult.swift */ = {isa = PBXFileReference; lastKnownFileType = sourcecode.swift; path = SearchResult.swift; sourceTree = "<group>"; };
		B2C5B6EC21EF75F700E32554 /* Const.swift */ = {isa = PBXFileReference; lastKnownFileType = sourcecode.swift; path = Const.swift; sourceTree = "<group>"; };
		B2C5B6EE21EF764700E32554 /* Urls.swift */ = {isa = PBXFileReference; lastKnownFileType = sourcecode.swift; path = Urls.swift; sourceTree = "<group>"; };
		B2C5B6F021EF7E3400E32554 /* CustomImageView.swift */ = {isa = PBXFileReference; lastKnownFileType = sourcecode.swift; path = CustomImageView.swift; sourceTree = "<group>"; };
		B2FBB38121E1F56200778B81 /* B Koodak Bold_0.ttf */ = {isa = PBXFileReference; lastKnownFileType = file; path = "B Koodak Bold_0.ttf"; sourceTree = "<group>"; };
		B2FBB38321E1F8F600778B81 /* GhostTyper.swift */ = {isa = PBXFileReference; lastKnownFileType = sourcecode.swift; path = GhostTyper.swift; sourceTree = "<group>"; };
		B2FBB38621E1F9C800778B81 /* CustomTyperLabel.swift */ = {isa = PBXFileReference; lastKnownFileType = sourcecode.swift; path = CustomTyperLabel.swift; sourceTree = "<group>"; };
		B2FFE9E221D9042B00FE0C0F /* AppDelegateTabBar.swift */ = {isa = PBXFileReference; lastKnownFileType = sourcecode.swift; path = AppDelegateTabBar.swift; sourceTree = "<group>"; };
		B2FFE9E421D9052800FE0C0F /* AppDelegateGoogleSignIn.swift */ = {isa = PBXFileReference; lastKnownFileType = sourcecode.swift; path = AppDelegateGoogleSignIn.swift; sourceTree = "<group>"; };
		B2FFE9E621D9070500FE0C0F /* credentials.plist */ = {isa = PBXFileReference; fileEncoding = 4; lastKnownFileType = text.plist.xml; path = credentials.plist; sourceTree = "<group>"; };
		B2FFE9E821D9FC7300FE0C0F /* HomeViewController.swift */ = {isa = PBXFileReference; lastKnownFileType = sourcecode.swift; path = HomeViewController.swift; sourceTree = "<group>"; };
		E26A408921F08C5C00E71D39 /* Player.swift */ = {isa = PBXFileReference; lastKnownFileType = sourcecode.swift; path = Player.swift; sourceTree = "<group>"; };
		E26A408B21F09BF300E71D39 /* ProgressBar.swift */ = {isa = PBXFileReference; lastKnownFileType = sourcecode.swift; path = ProgressBar.swift; sourceTree = "<group>"; };
		E27A703B2211F92A001751BC /* UIImageColors.swift */ = {isa = PBXFileReference; fileEncoding = 4; lastKnownFileType = sourcecode.swift; path = UIImageColors.swift; sourceTree = "<group>"; };
		E27A703C2211F92A001751BC /* UIImageEffects.swift */ = {isa = PBXFileReference; fileEncoding = 4; lastKnownFileType = sourcecode.swift; path = UIImageEffects.swift; sourceTree = "<group>"; };
		E27A703E2211F92A001751BC /* Constants.swift */ = {isa = PBXFileReference; fileEncoding = 4; lastKnownFileType = sourcecode.swift; path = Constants.swift; sourceTree = "<group>"; };
		E27A70402211F92A001751BC /* MetaData.swift */ = {isa = PBXFileReference; fileEncoding = 4; lastKnownFileType = sourcecode.swift; path = MetaData.swift; sourceTree = "<group>"; };
		E27A70412211F92A001751BC /* Song.swift */ = {isa = PBXFileReference; fileEncoding = 4; lastKnownFileType = sourcecode.swift; path = Song.swift; sourceTree = "<group>"; };
		E27A70432211F92A001751BC /* CommonExtensions.swift */ = {isa = PBXFileReference; fileEncoding = 4; lastKnownFileType = sourcecode.swift; path = CommonExtensions.swift; sourceTree = "<group>"; };
		E27A70442211F92A001751BC /* Array.swift */ = {isa = PBXFileReference; fileEncoding = 4; lastKnownFileType = sourcecode.swift; path = Array.swift; sourceTree = "<group>"; };
		E27A70452211F92A001751BC /* NSObjectExtensions.swift */ = {isa = PBXFileReference; fileEncoding = 4; lastKnownFileType = sourcecode.swift; path = NSObjectExtensions.swift; sourceTree = "<group>"; };
		E27A70472211F92A001751BC /* PandoraPlayer.swift */ = {isa = PBXFileReference; fileEncoding = 4; lastKnownFileType = sourcecode.swift; path = PandoraPlayer.swift; sourceTree = "<group>"; };
		E27A704B2211F92A001751BC /* RoundedPictureCollectionViewCell.xib */ = {isa = PBXFileReference; fileEncoding = 4; lastKnownFileType = file.xib; path = RoundedPictureCollectionViewCell.xib; sourceTree = "<group>"; };
		E27A704C2211F92A001751BC /* RoundedPictureCollectionViewCell.swift */ = {isa = PBXFileReference; fileEncoding = 4; lastKnownFileType = sourcecode.swift; path = RoundedPictureCollectionViewCell.swift; sourceTree = "<group>"; };
		E27A704E2211F92A001751BC /* WaveVisualizer.xib */ = {isa = PBXFileReference; fileEncoding = 4; lastKnownFileType = file.xib; path = WaveVisualizer.xib; sourceTree = "<group>"; };
		E27A704F2211F92A001751BC /* WaveVisualizer.swift */ = {isa = PBXFileReference; fileEncoding = 4; lastKnownFileType = sourcecode.swift; path = WaveVisualizer.swift; sourceTree = "<group>"; };
		E27A70502211F92A001751BC /* ViewWithXib.swift */ = {isa = PBXFileReference; fileEncoding = 4; lastKnownFileType = sourcecode.swift; path = ViewWithXib.swift; sourceTree = "<group>"; };
		E27A70522211F92A001751BC /* PlayerControls.swift */ = {isa = PBXFileReference; fileEncoding = 4; lastKnownFileType = sourcecode.swift; path = PlayerControls.swift; sourceTree = "<group>"; };
		E27A70532211F92A001751BC /* PlayerControls.xib */ = {isa = PBXFileReference; fileEncoding = 4; lastKnownFileType = file.xib; path = PlayerControls.xib; sourceTree = "<group>"; };
		E27A70552211F92A001751BC /* CenterCellCollectionViewFlowLayout.swift */ = {isa = PBXFileReference; fileEncoding = 4; lastKnownFileType = sourcecode.swift; path = CenterCellCollectionViewFlowLayout.swift; sourceTree = "<group>"; };
		E27A70562211F92A001751BC /* PlayerSongList.swift */ = {isa = PBXFileReference; fileEncoding = 4; lastKnownFileType = sourcecode.swift; path = PlayerSongList.swift; sourceTree = "<group>"; };
		E27A70572211F92A001751BC /* PlayerSongList.xib */ = {isa = PBXFileReference; fileEncoding = 4; lastKnownFileType = file.xib; path = PlayerSongList.xib; sourceTree = "<group>"; };
		E27A70592211F92A001751BC /* PlayerSlider.swift */ = {isa = PBXFileReference; fileEncoding = 4; lastKnownFileType = sourcecode.swift; path = PlayerSlider.swift; sourceTree = "<group>"; };
		E27A705A2211F92A001751BC /* PlayerSlider.xib */ = {isa = PBXFileReference; fileEncoding = 4; lastKnownFileType = file.xib; path = PlayerSlider.xib; sourceTree = "<group>"; };
		E27A705C2211F92A001751BC /* VisualisationHelper.swift */ = {isa = PBXFileReference; fileEncoding = 4; lastKnownFileType = sourcecode.swift; path = VisualisationHelper.swift; sourceTree = "<group>"; };
		E27A70602211F92A001751BC /* Base */ = {isa = PBXFileReference; lastKnownFileType = file.storyboard; name = Base; path = Base.lproj/PandoraPlayer.storyboard; sourceTree = "<group>"; };
		E27A70612211F92A001751BC /* Assets.xcassets */ = {isa = PBXFileReference; lastKnownFileType = folder.assetcatalog; path = Assets.xcassets; sourceTree = "<group>"; };
		E27A70622211F92A001751BC /* Player.h */ = {isa = PBXFileReference; fileEncoding = 4; lastKnownFileType = sourcecode.c.h; path = Player.h; sourceTree = "<group>"; };
		E27A70632211F92A001751BC /* Info.plist */ = {isa = PBXFileReference; fileEncoding = 4; lastKnownFileType = text.plist.xml; path = Info.plist; sourceTree = "<group>"; };
		F4DCD553AFC4235F88B470F4 /* Pods-iMusic.release.xcconfig */ = {isa = PBXFileReference; includeInIndex = 1; lastKnownFileType = text.xcconfig; name = "Pods-iMusic.release.xcconfig"; path = "Pods/Target Support Files/Pods-iMusic/Pods-iMusic.release.xcconfig"; sourceTree = "<group>"; };
/* End PBXFileReference section */

/* Begin PBXFrameworksBuildPhase section */
		B241B67921D78F8000D53711 /* Frameworks */ = {
			isa = PBXFrameworksBuildPhase;
			buildActionMask = 2147483647;
			files = (
				B241B6BA21D7AFF600D53711 /* pop.framework in Frameworks */,
				01548C1F6315A49678BBD909 /* Pods_iMusic.framework in Frameworks */,
			);
			runOnlyForDeploymentPostprocessing = 0;
		};
/* End PBXFrameworksBuildPhase section */

/* Begin PBXGroup section */
		068C82448ACA1FDDEA3FE08A /* Pods */ = {
			isa = PBXGroup;
			children = (
				218FB137313D0A24198C8E6B /* Pods-iMusic.debug.xcconfig */,
				F4DCD553AFC4235F88B470F4 /* Pods-iMusic.release.xcconfig */,
			);
			name = Pods;
			sourceTree = "<group>";
		};
		3AD6AD20BBDB4E31341D165E /* Frameworks */ = {
			isa = PBXGroup;
			children = (
				9AF474DA192215479CA74CC4 /* Pods_iMusic.framework */,
			);
			name = Frameworks;
			sourceTree = "<group>";
		};
		B224C17222259AFD003BFE22 /* iCarousel */ = {
			isa = PBXGroup;
			children = (
				B224C17822259B10003BFE22 /* SwiftExample-Bridging-Header.h */,
				B224C17322259AFD003BFE22 /* iCarousel.m */,
				B224C17422259AFD003BFE22 /* iCarousel.h */,
			);
			path = iCarousel;
			sourceTree = "<group>";
		};
		B22C3D0222075343003BBFD1 /* TableViewsCell */ = {
			isa = PBXGroup;
			children = (
				B29AA2E721EA128700192393 /* SearchResultTableViewCell.swift */,
				B27979932275D78A006CB84B /* PaymentPlansTableViewCell.swift */,
				B2AA08A322DB783F00681BC7 /* ProfileTableViewCell.swift */,
				B215778823154B5B00E67AB9 /* SearchSuggestionCell.swift */,
				B215778A231A77A800E67AB9 /* YourPlaylistRow.swift */,
				B215778C231A819900E67AB9 /* OfferedPlaylistsCell.swift */,
				B23AF06D231E987F000EEE07 /* FollowedPlaylistCell.swift */,
			);
			path = TableViewsCell;
			sourceTree = "<group>";
		};
		B22C3D0322075357003BBFD1 /* CollectionViewCell */ = {
			isa = PBXGroup;
			children = (
				B22C3D04220753CA003BBFD1 /* RecentlyPlayedCollectionViewCell.swift */,
				B27979912275D590006CB84B /* PaymentPlansCollectionViewCell.swift */,
				B215778E231A995800E67AB9 /* PlaylistCollectionViewCell.swift */,
				B23AF06F231EA598000EEE07 /* AddPlaylistCell.swift */,
			);
			path = CollectionViewCell;
			sourceTree = "<group>";
		};
		B241B67321D78F8000D53711 = {
			isa = PBXGroup;
			children = (
				B2075E5F222BFE4A000D87A4 /* iMusic-Bridging-Header.h */,
				B241B6B921D7AFF600D53711 /* pop.framework */,
				B241B67E21D78F8000D53711 /* iMusic */,
				B241B67D21D78F8000D53711 /* Products */,
				068C82448ACA1FDDEA3FE08A /* Pods */,
				3AD6AD20BBDB4E31341D165E /* Frameworks */,
			);
			sourceTree = "<group>";
		};
		B241B67D21D78F8000D53711 /* Products */ = {
			isa = PBXGroup;
			children = (
				B241B67C21D78F8000D53711 /* iMusic.app */,
			);
			name = Products;
			sourceTree = "<group>";
		};
		B241B67E21D78F8000D53711 /* iMusic */ = {
			isa = PBXGroup;
			children = (
				B241B69D21D7925600D53711 /* Core */,
				B241B69C21D7924E00D53711 /* Service */,
				B241B69B21D7924600D53711 /* Dependencies */,
				B241B69A21D791EA00D53711 /* ToolBox */,
				B241B69921D791E400D53711 /* ViewModel */,
				B241B69821D791E000D53711 /* UI */,
				B241B69721D791DB00D53711 /* Model */,
				B241B68B21D78F8300D53711 /* Info.plist */,
				B2FFE9E621D9070500FE0C0F /* credentials.plist */,
			);
			path = iMusic;
			sourceTree = "<group>";
		};
		B241B69721D791DB00D53711 /* Model */ = {
			isa = PBXGroup;
			children = (
				B2A2585B21E0B3DA00CF3738 /* MusicTrack.swift */,
				B2C5B6EA21EF6FE800E32554 /* SearchResult.swift */,
				B23AF06B231E96DE000EEE07 /* Playlist.swift */,
			);
			path = Model;
			sourceTree = "<group>";
		};
		B241B69821D791E000D53711 /* UI */ = {
			isa = PBXGroup;
			children = (
				B241B69F21D7927A00D53711 /* Views */,
				B241B69E21D7926E00D53711 /* Controllers */,
			);
			path = UI;
			sourceTree = "<group>";
		};
		B241B69921D791E400D53711 /* ViewModel */ = {
			isa = PBXGroup;
			children = (
				B2A2585921E0B3CE00CF3738 /* MusicViewModel.swift */,
			);
			path = ViewModel;
			sourceTree = "<group>";
		};
		B241B69A21D791EA00D53711 /* ToolBox */ = {
			isa = PBXGroup;
			children = (
				B241B69321D791D100D53711 /* Extentions.swift */,
				B241B69521D791D800D53711 /* Helper.swift */,
				B241B6D521D8B00800D53711 /* Font.swift */,
				B2C5B6EC21EF75F700E32554 /* Const.swift */,
				B2C5B6EE21EF764700E32554 /* Urls.swift */,
				E26A408921F08C5C00E71D39 /* Player.swift */,
			);
			path = ToolBox;
			sourceTree = "<group>";
		};
		B241B69B21D7924600D53711 /* Dependencies */ = {
			isa = PBXGroup;
			children = (
				B2AA08A722DB797A00681BC7 /* TextFieldEffects */,
				B27979CC22770F9B006CB84B /* PopBounceButton */,
				B27979882275D4FB006CB84B /* HSCycleGalleryView */,
				B2BB467522217FB200D97FA8 /* NVActivityIndicatorView */,
				B224C17222259AFD003BFE22 /* iCarousel */,
				E27A70382211F92A001751BC /* Player */,
				B241B6A021D7AE8200D53711 /* ESTabBarController-swift */,
				B2FBB38521E1F8FE00778B81 /* GhostTyper */,
				E26A408B21F09BF300E71D39 /* ProgressBar.swift */,
			);
			path = Dependencies;
			sourceTree = "<group>";
		};
		B241B69C21D7924E00D53711 /* Service */ = {
			isa = PBXGroup;
			children = (
				B2A2585721E0B3C100CF3738 /* API.swift */,
				B23AF0792323E254000EEE07 /* PlaylistManager.swift */,
			);
			path = Service;
			sourceTree = "<group>";
		};
		B241B69D21D7925600D53711 /* Core */ = {
			isa = PBXGroup;
			children = (
				B241B6D221D8A72500D53711 /* Font */,
				B241B67F21D78F8000D53711 /* AppDelegate.swift */,
				B2FFE9E221D9042B00FE0C0F /* AppDelegateTabBar.swift */,
				B2FFE9E421D9052800FE0C0F /* AppDelegateGoogleSignIn.swift */,
				B241B68621D78F8300D53711 /* Assets.xcassets */,
				B241B68821D78F8300D53711 /* LaunchScreen.storyboard */,
			);
			path = Core;
			sourceTree = "<group>";
		};
		B241B69E21D7926E00D53711 /* Controllers */ = {
			isa = PBXGroup;
			children = (
				B29AA2E521E9FF4200192393 /* BaseViewController.swift */,
				B241B69121D791B400D53711 /* BaseViewControllerNormal.swift */,
				B2BB512221E5E1BF00A35D36 /* BaseViewControllerPresented.swift */,
				B241B68121D78F8000D53711 /* SignUpViewController.swift */,
				B2FFE9E821D9FC7300FE0C0F /* HomeViewController.swift */,
				B2BB511E21E5DD8800A35D36 /* DownloadViewController.swift */,
				B224C17922259B60003BFE22 /* PlayListsViewController.swift */,
				B257F4712274867300CB062A /* ProfileViewController.swift */,
				B23AF067231E5D5B000EEE07 /* OptionsForTrackViewController.swift */,
				B23AF071231EAFFA000EEE07 /* PlaylistViewController.swift */,
				B23AF073231EB056000EEE07 /* AddPlaylistViewController.swift */,
			);
			path = Controllers;
			sourceTree = "<group>";
		};
		B241B69F21D7927A00D53711 /* Views */ = {
			isa = PBXGroup;
			children = (
				B22C3D0322075357003BBFD1 /* CollectionViewCell */,
				B22C3D0222075343003BBFD1 /* TableViewsCell */,
				B2FBB38821E1FBA500778B81 /* CustomViews */,
			);
			path = Views;
			sourceTree = "<group>";
		};
		B241B6A021D7AE8200D53711 /* ESTabBarController-swift */ = {
			isa = PBXGroup;
			children = (
				B241B6B421D7AEE000D53711 /* Content */,
				B241B6A121D7AE8200D53711 /* LICENSE */,
				B241B6A221D7AE8200D53711 /* README.md */,
				B241B6A321D7AE8200D53711 /* Sources */,
			);
			path = "ESTabBarController-swift";
			sourceTree = "<group>";
		};
		B241B6A321D7AE8200D53711 /* Sources */ = {
			isa = PBXGroup;
			children = (
				B241B6A421D7AE8200D53711 /* ESTabBarItemMoreContentView.swift */,
				B241B6A521D7AE8200D53711 /* ESTabBarController.swift */,
				B241B6A621D7AE8200D53711 /* ESTabBarItemContentView.swift */,
				B241B6A721D7AE8200D53711 /* ESTabBarItem.swift */,
				B241B6A821D7AE8200D53711 /* ESTabBarItemBadgeView.swift */,
				B241B6A921D7AE8200D53711 /* ESTabBar.swift */,
				B241B6AA21D7AE8200D53711 /* ESTabBarItemContainer.swift */,
			);
			path = Sources;
			sourceTree = "<group>";
		};
		B241B6B421D7AEE000D53711 /* Content */ = {
			isa = PBXGroup;
			children = (
				B241B6B521D7AEE000D53711 /* ExampleBouncesContentView.swift */,
				B241B6B621D7AEE000D53711 /* ExampleIrregularityContentView.swift */,
			);
			path = Content;
			sourceTree = "<group>";
		};
		B241B6D221D8A72500D53711 /* Font */ = {
			isa = PBXGroup;
			children = (
				B2FBB38121E1F56200778B81 /* B Koodak Bold_0.ttf */,
				B241B6C421D8A71300D53711 /* D-DIN-Bold.otf */,
				B241B6C821D8A71400D53711 /* D-DIN.otf */,
				B241B6C921D8A71400D53711 /* D-DINCondensed-Bold.otf */,
				B241B6C321D8A71200D53711 /* D-DINCondensed.otf */,
				B241B6C521D8A71300D53711 /* D-DINExp-Bold.otf */,
				B241B6C721D8A71400D53711 /* D-DINExp.otf */,
				B2A2585021E08A8F00CF3738 /* IRANYekanLightMobile(FaNum).ttf */,
				B2A2585121E08A8F00CF3738 /* IRANYekanMobileBold(FaNum).ttf */,
				B2A2584F21E08A8E00CF3738 /* IRANYekanRegularMobile(FaNum).ttf */,
			);
			path = Font;
			sourceTree = "<group>";
		};
		B27979882275D4FB006CB84B /* HSCycleGalleryView */ = {
			isa = PBXGroup;
			children = (
				B27979892275D4FB006CB84B /* Source */,
			);
			path = HSCycleGalleryView;
			sourceTree = "<group>";
		};
		B27979892275D4FB006CB84B /* Source */ = {
			isa = PBXGroup;
			children = (
				B279798A2275D4FB006CB84B /* HSCycleGalleryViewLayout.swift */,
				B279798B2275D4FB006CB84B /* HSCycleGalleryView.swift */,
				B279798D2275D4FB006CB84B /* HSCycleGalleryView.h */,
			);
			path = Source;
			sourceTree = "<group>";
		};
		B27979CC22770F9B006CB84B /* PopBounceButton */ = {
			isa = PBXGroup;
			children = (
				B27979CD22770F9B006CB84B /* Classes */,
				B27979D022770F9B006CB84B /* Assets */,
			);
			path = PopBounceButton;
			sourceTree = "<group>";
		};
		B27979CD22770F9B006CB84B /* Classes */ = {
			isa = PBXGroup;
			children = (
				B27979CE22770F9B006CB84B /* PopBounceButton.swift */,
				B27979CF22770F9B006CB84B /* ButtonAnimator.swift */,
			);
			path = Classes;
			sourceTree = "<group>";
		};
		B27979D022770F9B006CB84B /* Assets */ = {
			isa = PBXGroup;
			children = (
				B27979D122770F9B006CB84B /* .gitkeep */,
			);
			path = Assets;
			sourceTree = "<group>";
		};
		B2AA08A722DB797A00681BC7 /* TextFieldEffects */ = {
			isa = PBXGroup;
			children = (
				B2AA08A822DB797A00681BC7 /* TextFieldEffects.h */,
				B2AA08A922DB797A00681BC7 /* HoshiTextField.swift */,
				B2AA08AA22DB797A00681BC7 /* TextFieldEffects.swift */,
				B2AA08AB22DB797A00681BC7 /* Info.plist */,
			);
			path = TextFieldEffects;
			sourceTree = "<group>";
		};
		B2BB467522217FB200D97FA8 /* NVActivityIndicatorView */ = {
			isa = PBXGroup;
			children = (
				B2BB467622217FB200D97FA8 /* NVActivityIndicatorAnimationDelegate.swift */,
				B2BB467722217FB200D97FA8 /* Presenter */,
				B2BB467A22217FB200D97FA8 /* NVActivityIndicatorView.h */,
				B2BB467B22217FB200D97FA8 /* NVActivityIndicatorShape.swift */,
				B2BB467C22217FB200D97FA8 /* NVActivityIndicatorView.swift */,
				B2BB467D22217FB200D97FA8 /* Animations */,
			);
			path = NVActivityIndicatorView;
			sourceTree = "<group>";
		};
		B2BB467722217FB200D97FA8 /* Presenter */ = {
			isa = PBXGroup;
			children = (
				B2BB467822217FB200D97FA8 /* NVActivityIndicatorPresenter.swift */,
				B2BB467922217FB200D97FA8 /* NVActivityIndicatorViewable.swift */,
			);
			path = Presenter;
			sourceTree = "<group>";
		};
		B2BB467D22217FB200D97FA8 /* Animations */ = {
			isa = PBXGroup;
			children = (
				B2BB467E22217FB200D97FA8 /* NVActivityIndicatorAnimationBallRotate.swift */,
				B2BB467F22217FB200D97FA8 /* NVActivityIndicatorAnimationBallGridPulse.swift */,
				B2BB468022217FB200D97FA8 /* NVActivityIndicatorAnimationBallClipRotate.swift */,
				B2BB468122217FB200D97FA8 /* NVActivityIndicatorAnimationBallClipRotateMultiple.swift */,
				B2BB468222217FB200D97FA8 /* NVActivityIndicatorAnimationBallTrianglePath.swift */,
				B2BB468322217FB200D97FA8 /* NVActivityIndicatorAnimationLineScalePulseOut.swift */,
				B2BB468422217FB200D97FA8 /* NVActivityIndicatorAnimationLineSpinFadeLoader.swift */,
				B2BB468522217FB200D97FA8 /* NVActivityIndicatorAnimationBallZigZagDeflect.swift */,
				B2BB468622217FB200D97FA8 /* NVActivityIndicatorAnimationBallScale.swift */,
				B2BB468722217FB200D97FA8 /* NVActivityIndicatorAnimationBallZigZag.swift */,
				B2BB468822217FB200D97FA8 /* NVActivityIndicatorAnimationBallBeat.swift */,
				B2BB468922217FB200D97FA8 /* NVActivityIndicatorAnimationSemiCircleSpin.swift */,
				B2BB468A22217FB200D97FA8 /* NVActivityIndicatorAnimationBallScaleRipple.swift */,
				B2BB468B22217FB200D97FA8 /* NVActivityIndicatorAnimationBallClipRotatePulse.swift */,
				B2BB468C22217FB200D97FA8 /* NVActivityIndicatorAnimationSquareSpin.swift */,
				B2BB468D22217FB200D97FA8 /* NVActivityIndicatorAnimationBallRotateChase.swift */,
				B2BB468E22217FB200D97FA8 /* NVActivityIndicatorAnimationBallPulse.swift */,
				B2BB468F22217FB200D97FA8 /* NVActivityIndicatorAnimationBlank.swift */,
				B2BB469022217FB200D97FA8 /* NVActivityIndicatorAnimationCircleStrokeSpin.swift */,
				B2BB469122217FB200D97FA8 /* NVActivityIndicatorAnimationAudioEqualizer.swift */,
				B2BB469222217FB200D97FA8 /* NVActivityIndicatorAnimationTriangleSkewSpin.swift */,
				B2BB469322217FB200D97FA8 /* NVActivityIndicatorAnimationBallGridBeat.swift */,
				B2BB469422217FB200D97FA8 /* NVActivityIndicatorAnimationBallScaleMultiple.swift */,
				B2BB469522217FB200D97FA8 /* NVActivityIndicatorAnimationLineScale.swift */,
				B2BB469622217FB200D97FA8 /* NVActivityIndicatorAnimationBallScaleRippleMultiple.swift */,
				B2BB469722217FB200D97FA8 /* NVActivityIndicatorAnimationPacman.swift */,
				B2BB469822217FB200D97FA8 /* NVActivityIndicatorAnimationBallPulseSync.swift */,
				B2BB469922217FB200D97FA8 /* NVActivityIndicatorAnimationCubeTransition.swift */,
				B2BB469A22217FB200D97FA8 /* NVActivityIndicatorAnimationBallSpinFadeLoader.swift */,
				B2BB469B22217FB200D97FA8 /* NVActivityIndicatorAnimationLineScaleParty.swift */,
				B2BB469C22217FB200D97FA8 /* NVActivityIndicatorAnimationLineScalePulseOutRapid.swift */,
				B2BB469D22217FB200D97FA8 /* NVActivityIndicatorAnimationBallPulseRise.swift */,
				B2BB469E22217FB200D97FA8 /* NVActivityIndicatorAnimationOrbit.swift */,
			);
			path = Animations;
			sourceTree = "<group>";
		};
		B2FBB38521E1F8FE00778B81 /* GhostTyper */ = {
			isa = PBXGroup;
			children = (
				B2FBB38321E1F8F600778B81 /* GhostTyper.swift */,
			);
			path = GhostTyper;
			sourceTree = "<group>";
		};
		B2FBB38821E1FBA500778B81 /* CustomViews */ = {
			isa = PBXGroup;
			children = (
				B241B6D321D8AC7900D53711 /* CustomLabel.swift */,
				B2A2585521E0B1FB00CF3738 /* CustomTextField.swift */,
				B2FBB38621E1F9C800778B81 /* CustomTyperLabel.swift */,
				B2C5B6F021EF7E3400E32554 /* CustomImageView.swift */,
			);
			path = CustomViews;
			sourceTree = "<group>";
		};
		E27A70382211F92A001751BC /* Player */ = {
			isa = PBXGroup;
			children = (
				E27A70392211F92A001751BC /* Classes */,
				E27A705D2211F92A001751BC /* Resources */,
			);
			path = Player;
			sourceTree = "<group>";
		};
		E27A70392211F92A001751BC /* Classes */ = {
			isa = PBXGroup;
			children = (
				E27A703A2211F92A001751BC /* Vendors */,
				E27A703D2211F92A001751BC /* Constants */,
				E27A703F2211F92A001751BC /* Models */,
				E27A70422211F92A001751BC /* Extensions */,
				E27A70462211F92A001751BC /* Controllers */,
				E27A70482211F92A001751BC /* Views */,
				E27A705B2211F92A001751BC /* Helpers */,
			);
			path = Classes;
			sourceTree = "<group>";
		};
		E27A703A2211F92A001751BC /* Vendors */ = {
			isa = PBXGroup;
			children = (
				E27A703B2211F92A001751BC /* UIImageColors.swift */,
				E27A703C2211F92A001751BC /* UIImageEffects.swift */,
			);
			path = Vendors;
			sourceTree = "<group>";
		};
		E27A703D2211F92A001751BC /* Constants */ = {
			isa = PBXGroup;
			children = (
				E27A703E2211F92A001751BC /* Constants.swift */,
			);
			path = Constants;
			sourceTree = "<group>";
		};
		E27A703F2211F92A001751BC /* Models */ = {
			isa = PBXGroup;
			children = (
				E27A70402211F92A001751BC /* MetaData.swift */,
				E27A70412211F92A001751BC /* Song.swift */,
			);
			path = Models;
			sourceTree = "<group>";
		};
		E27A70422211F92A001751BC /* Extensions */ = {
			isa = PBXGroup;
			children = (
				E27A70432211F92A001751BC /* CommonExtensions.swift */,
				E27A70442211F92A001751BC /* Array.swift */,
				E27A70452211F92A001751BC /* NSObjectExtensions.swift */,
			);
			path = Extensions;
			sourceTree = "<group>";
		};
		E27A70462211F92A001751BC /* Controllers */ = {
			isa = PBXGroup;
			children = (
				E27A70472211F92A001751BC /* PandoraPlayer.swift */,
			);
			path = Controllers;
			sourceTree = "<group>";
		};
		E27A70482211F92A001751BC /* Views */ = {
			isa = PBXGroup;
			children = (
				E27A70492211F92A001751BC /* Cells */,
				E27A704D2211F92A001751BC /* WaveVisualizer */,
				E27A70502211F92A001751BC /* ViewWithXib.swift */,
				E27A70512211F92A001751BC /* PlayerControls */,
				E27A70542211F92A001751BC /* PlayerSongList */,
				E27A70582211F92A001751BC /* PlayerSlider */,
			);
			path = Views;
			sourceTree = "<group>";
		};
		E27A70492211F92A001751BC /* Cells */ = {
			isa = PBXGroup;
			children = (
				E27A704A2211F92A001751BC /* RoundedPictureCollectionViewCell */,
			);
			path = Cells;
			sourceTree = "<group>";
		};
		E27A704A2211F92A001751BC /* RoundedPictureCollectionViewCell */ = {
			isa = PBXGroup;
			children = (
				E27A704B2211F92A001751BC /* RoundedPictureCollectionViewCell.xib */,
				E27A704C2211F92A001751BC /* RoundedPictureCollectionViewCell.swift */,
			);
			path = RoundedPictureCollectionViewCell;
			sourceTree = "<group>";
		};
		E27A704D2211F92A001751BC /* WaveVisualizer */ = {
			isa = PBXGroup;
			children = (
				E27A704E2211F92A001751BC /* WaveVisualizer.xib */,
				E27A704F2211F92A001751BC /* WaveVisualizer.swift */,
			);
			path = WaveVisualizer;
			sourceTree = "<group>";
		};
		E27A70512211F92A001751BC /* PlayerControls */ = {
			isa = PBXGroup;
			children = (
				E27A70522211F92A001751BC /* PlayerControls.swift */,
				E27A70532211F92A001751BC /* PlayerControls.xib */,
			);
			path = PlayerControls;
			sourceTree = "<group>";
		};
		E27A70542211F92A001751BC /* PlayerSongList */ = {
			isa = PBXGroup;
			children = (
				E27A70552211F92A001751BC /* CenterCellCollectionViewFlowLayout.swift */,
				E27A70562211F92A001751BC /* PlayerSongList.swift */,
				E27A70572211F92A001751BC /* PlayerSongList.xib */,
			);
			path = PlayerSongList;
			sourceTree = "<group>";
		};
		E27A70582211F92A001751BC /* PlayerSlider */ = {
			isa = PBXGroup;
			children = (
				E27A70592211F92A001751BC /* PlayerSlider.swift */,
				E27A705A2211F92A001751BC /* PlayerSlider.xib */,
			);
			path = PlayerSlider;
			sourceTree = "<group>";
		};
		E27A705B2211F92A001751BC /* Helpers */ = {
			isa = PBXGroup;
			children = (
				E27A705C2211F92A001751BC /* VisualisationHelper.swift */,
			);
			path = Helpers;
			sourceTree = "<group>";
		};
		E27A705D2211F92A001751BC /* Resources */ = {
			isa = PBXGroup;
			children = (
				E27A705E2211F92A001751BC /* Storyboards */,
				E27A70612211F92A001751BC /* Assets.xcassets */,
				E27A70622211F92A001751BC /* Player.h */,
				E27A70632211F92A001751BC /* Info.plist */,
			);
			path = Resources;
			sourceTree = "<group>";
		};
		E27A705E2211F92A001751BC /* Storyboards */ = {
			isa = PBXGroup;
			children = (
				E27A705F2211F92A001751BC /* PandoraPlayer.storyboard */,
			);
			path = Storyboards;
			sourceTree = "<group>";
		};
/* End PBXGroup section */

/* Begin PBXNativeTarget section */
		B241B67B21D78F8000D53711 /* iMusic */ = {
			isa = PBXNativeTarget;
			buildConfigurationList = B241B68E21D78F8300D53711 /* Build configuration list for PBXNativeTarget "iMusic" */;
			buildPhases = (
				7CD57FDD8572B25F14B3A4C1 /* [CP] Check Pods Manifest.lock */,
				B241B67821D78F8000D53711 /* Sources */,
				B241B67921D78F8000D53711 /* Frameworks */,
				B241B67A21D78F8000D53711 /* Resources */,
				B241B6BF21D7B08A00D53711 /* Embed Frameworks */,
				8CD40B0113FD06F08F2C99BA /* [CP] Embed Pods Frameworks */,
				91AC49A487B691DA51A7C737 /* [CP] Copy Pods Resources */,
			);
			buildRules = (
			);
			dependencies = (
			);
			name = iMusic;
			productName = iMusic;
			productReference = B241B67C21D78F8000D53711 /* iMusic.app */;
			productType = "com.apple.product-type.application";
		};
/* End PBXNativeTarget section */

/* Begin PBXProject section */
		B241B67421D78F8000D53711 /* Project object */ = {
			isa = PBXProject;
			attributes = {
				LastSwiftUpdateCheck = 0940;
				LastUpgradeCheck = 0940;
				ORGANIZATIONNAME = "sasan soroush";
				TargetAttributes = {
					B241B67B21D78F8000D53711 = {
						CreatedOnToolsVersion = 9.4.1;
						SystemCapabilities = {
							com.apple.BackgroundModes = {
								enabled = 1;
							};
						};
					};
				};
			};
			buildConfigurationList = B241B67721D78F8000D53711 /* Build configuration list for PBXProject "iMusic" */;
			compatibilityVersion = "Xcode 9.3";
			developmentRegion = en;
			hasScannedForEncodings = 0;
			knownRegions = (
				en,
				Base,
			);
			mainGroup = B241B67321D78F8000D53711;
			productRefGroup = B241B67D21D78F8000D53711 /* Products */;
			projectDirPath = "";
			projectRoot = "";
			targets = (
				B241B67B21D78F8000D53711 /* iMusic */,
			);
		};
/* End PBXProject section */

/* Begin PBXResourcesBuildPhase section */
		B241B67A21D78F8000D53711 /* Resources */ = {
			isa = PBXResourcesBuildPhase;
			buildActionMask = 2147483647;
			files = (
				B241B6AB21D7AE8200D53711 /* LICENSE in Resources */,
				E27A70762211F92A001751BC /* PlayerSongList.xib in Resources */,
				B241B6D021D8A71500D53711 /* D-DIN.otf in Resources */,
				B241B68A21D78F8300D53711 /* LaunchScreen.storyboard in Resources */,
				E27A706D2211F92A001751BC /* RoundedPictureCollectionViewCell.xib in Resources */,
				B241B6AC21D7AE8200D53711 /* README.md in Resources */,
				B241B6CB21D8A71500D53711 /* D-DINCondensed.otf in Resources */,
				B2A2585421E08A8F00CF3738 /* IRANYekanMobileBold(FaNum).ttf in Resources */,
				B2FFE9E721D9070500FE0C0F /* credentials.plist in Resources */,
				E27A70732211F92A001751BC /* PlayerControls.xib in Resources */,
				B241B6CC21D8A71500D53711 /* D-DIN-Bold.otf in Resources */,
				E27A707A2211F92A001751BC /* PandoraPlayer.storyboard in Resources */,
				B2A2585221E08A8F00CF3738 /* IRANYekanRegularMobile(FaNum).ttf in Resources */,
				E27A70782211F92A001751BC /* PlayerSlider.xib in Resources */,
				B241B6D121D8A71500D53711 /* D-DINCondensed-Bold.otf in Resources */,
				B241B68721D78F8300D53711 /* Assets.xcassets in Resources */,
				B2A2585321E08A8F00CF3738 /* IRANYekanLightMobile(FaNum).ttf in Resources */,
				B27979D422770F9B006CB84B /* .gitkeep in Resources */,
				B241B6CF21D8A71500D53711 /* D-DINExp.otf in Resources */,
				B241B6CD21D8A71500D53711 /* D-DINExp-Bold.otf in Resources */,
				B2FBB38221E1F56200778B81 /* B Koodak Bold_0.ttf in Resources */,
				E27A707B2211F92A001751BC /* Assets.xcassets in Resources */,
				E27A706F2211F92A001751BC /* WaveVisualizer.xib in Resources */,
			);
			runOnlyForDeploymentPostprocessing = 0;
		};
/* End PBXResourcesBuildPhase section */

/* Begin PBXShellScriptBuildPhase section */
		7CD57FDD8572B25F14B3A4C1 /* [CP] Check Pods Manifest.lock */ = {
			isa = PBXShellScriptBuildPhase;
			buildActionMask = 2147483647;
			files = (
			);
			inputPaths = (
				"${PODS_PODFILE_DIR_PATH}/Podfile.lock",
				"${PODS_ROOT}/Manifest.lock",
			);
			name = "[CP] Check Pods Manifest.lock";
			outputPaths = (
				"$(DERIVED_FILE_DIR)/Pods-iMusic-checkManifestLockResult.txt",
			);
			runOnlyForDeploymentPostprocessing = 0;
			shellPath = /bin/sh;
			shellScript = "diff \"${PODS_PODFILE_DIR_PATH}/Podfile.lock\" \"${PODS_ROOT}/Manifest.lock\" > /dev/null\nif [ $? != 0 ] ; then\n    # print error to STDERR\n    echo \"error: The sandbox is not in sync with the Podfile.lock. Run 'pod install' or update your CocoaPods installation.\" >&2\n    exit 1\nfi\n# This output is used by Xcode 'outputs' to avoid re-running this script phase.\necho \"SUCCESS\" > \"${SCRIPT_OUTPUT_FILE_0}\"\n";
			showEnvVarsInLog = 0;
		};
		8CD40B0113FD06F08F2C99BA /* [CP] Embed Pods Frameworks */ = {
			isa = PBXShellScriptBuildPhase;
			buildActionMask = 2147483647;
			files = (
			);
			inputPaths = (
				"${SRCROOT}/Pods/Target Support Files/Pods-iMusic/Pods-iMusic-frameworks.sh",
				"${BUILT_PRODUCTS_DIR}/Alamofire/Alamofire.framework",
				"${BUILT_PRODUCTS_DIR}/Disk/Disk.framework",
				"${BUILT_PRODUCTS_DIR}/DisplaySwitcher/DisplaySwitcher.framework",
				"${BUILT_PRODUCTS_DIR}/GTMSessionFetcher/GTMSessionFetcher.framework",
				"${BUILT_PRODUCTS_DIR}/GoogleToolboxForMac/GoogleToolboxForMac.framework",
				"${BUILT_PRODUCTS_DIR}/SDWebImage/SDWebImage.framework",
				"${BUILT_PRODUCTS_DIR}/SwiftyJSON/SwiftyJSON.framework",
			);
			name = "[CP] Embed Pods Frameworks";
			outputPaths = (
				"${TARGET_BUILD_DIR}/${FRAMEWORKS_FOLDER_PATH}/Alamofire.framework",
				"${TARGET_BUILD_DIR}/${FRAMEWORKS_FOLDER_PATH}/Disk.framework",
				"${TARGET_BUILD_DIR}/${FRAMEWORKS_FOLDER_PATH}/DisplaySwitcher.framework",
				"${TARGET_BUILD_DIR}/${FRAMEWORKS_FOLDER_PATH}/GTMSessionFetcher.framework",
				"${TARGET_BUILD_DIR}/${FRAMEWORKS_FOLDER_PATH}/GoogleToolboxForMac.framework",
				"${TARGET_BUILD_DIR}/${FRAMEWORKS_FOLDER_PATH}/SDWebImage.framework",
				"${TARGET_BUILD_DIR}/${FRAMEWORKS_FOLDER_PATH}/SwiftyJSON.framework",
			);
			runOnlyForDeploymentPostprocessing = 0;
			shellPath = /bin/sh;
			shellScript = "\"${SRCROOT}/Pods/Target Support Files/Pods-iMusic/Pods-iMusic-frameworks.sh\"\n";
			showEnvVarsInLog = 0;
		};
		91AC49A487B691DA51A7C737 /* [CP] Copy Pods Resources */ = {
			isa = PBXShellScriptBuildPhase;
			buildActionMask = 2147483647;
			files = (
			);
			inputPaths = (
				"${SRCROOT}/Pods/Target Support Files/Pods-iMusic/Pods-iMusic-resources.sh",
				"${PODS_ROOT}/GoogleSignIn/Resources/GoogleSignIn.bundle",
			);
			name = "[CP] Copy Pods Resources";
			outputPaths = (
				"${TARGET_BUILD_DIR}/${UNLOCALIZED_RESOURCES_FOLDER_PATH}/GoogleSignIn.bundle",
			);
			runOnlyForDeploymentPostprocessing = 0;
			shellPath = /bin/sh;
			shellScript = "\"${SRCROOT}/Pods/Target Support Files/Pods-iMusic/Pods-iMusic-resources.sh\"\n";
			showEnvVarsInLog = 0;
		};
/* End PBXShellScriptBuildPhase section */

/* Begin PBXSourcesBuildPhase section */
		B241B67821D78F8000D53711 /* Sources */ = {
			isa = PBXSourcesBuildPhase;
			buildActionMask = 2147483647;
			files = (
				B2BB46BB22217FB200D97FA8 /* NVActivityIndicatorAnimationLineScale.swift in Sources */,
				B241B69421D791D100D53711 /* Extentions.swift in Sources */,
				B2BB46B222217FB200D97FA8 /* NVActivityIndicatorAnimationSquareSpin.swift in Sources */,
				B241B6B221D7AE8200D53711 /* ESTabBar.swift in Sources */,
				B279798E2275D4FB006CB84B /* HSCycleGalleryViewLayout.swift in Sources */,
				E27A70792211F92A001751BC /* VisualisationHelper.swift in Sources */,
				B2BB46BD22217FB200D97FA8 /* NVActivityIndicatorAnimationPacman.swift in Sources */,
				B2BB46A722217FB200D97FA8 /* NVActivityIndicatorAnimationBallClipRotateMultiple.swift in Sources */,
				B2BB46AD22217FB200D97FA8 /* NVActivityIndicatorAnimationBallZigZag.swift in Sources */,
				B257F4722274867300CB062A /* ProfileViewController.swift in Sources */,
				E27A706C2211F92A001751BC /* PandoraPlayer.swift in Sources */,
				B2BB46C122217FB300D97FA8 /* NVActivityIndicatorAnimationLineScaleParty.swift in Sources */,
				B2BB46BA22217FB200D97FA8 /* NVActivityIndicatorAnimationBallScaleMultiple.swift in Sources */,
				E27A70742211F92A001751BC /* CenterCellCollectionViewFlowLayout.swift in Sources */,
				B2FBB38721E1F9C800778B81 /* CustomTyperLabel.swift in Sources */,
				B2FFE9E921D9FC7300FE0C0F /* HomeViewController.swift in Sources */,
				B2BB46C022217FB200D97FA8 /* NVActivityIndicatorAnimationBallSpinFadeLoader.swift in Sources */,
				B2BB46A322217FB200D97FA8 /* NVActivityIndicatorView.swift in Sources */,
				B2C5B6ED21EF75F700E32554 /* Const.swift in Sources */,
				B241B6AF21D7AE8200D53711 /* ESTabBarItemContentView.swift in Sources */,
				B2BB46A222217FB200D97FA8 /* NVActivityIndicatorShape.swift in Sources */,
				B23AF068231E5D5B000EEE07 /* OptionsForTrackViewController.swift in Sources */,
				B2BB46A622217FB200D97FA8 /* NVActivityIndicatorAnimationBallClipRotate.swift in Sources */,
				E27A70682211F92A001751BC /* Song.swift in Sources */,
				B2BB46A422217FB200D97FA8 /* NVActivityIndicatorAnimationBallRotate.swift in Sources */,
				B29AA2E621E9FF4200192393 /* BaseViewController.swift in Sources */,
				B2BB46B122217FB200D97FA8 /* NVActivityIndicatorAnimationBallClipRotatePulse.swift in Sources */,
				B2AA08AD22DB797A00681BC7 /* TextFieldEffects.swift in Sources */,
				B2BB46A122217FB200D97FA8 /* NVActivityIndicatorViewable.swift in Sources */,
				E27A706E2211F92A001751BC /* RoundedPictureCollectionViewCell.swift in Sources */,
				B2C5B6F121EF7E3400E32554 /* CustomImageView.swift in Sources */,
				E27A70752211F92A001751BC /* PlayerSongList.swift in Sources */,
				B2A2585621E0B1FB00CF3738 /* CustomTextField.swift in Sources */,
				B241B6AE21D7AE8200D53711 /* ESTabBarController.swift in Sources */,
				E27A70702211F92A001751BC /* WaveVisualizer.swift in Sources */,
				B2BB46B422217FB200D97FA8 /* NVActivityIndicatorAnimationBallPulse.swift in Sources */,
				B241B6B121D7AE8200D53711 /* ESTabBarItemBadgeView.swift in Sources */,
				B2A2585C21E0B3DA00CF3738 /* MusicTrack.swift in Sources */,
				B2BB46A022217FB200D97FA8 /* NVActivityIndicatorPresenter.swift in Sources */,
				B2BB46AF22217FB200D97FA8 /* NVActivityIndicatorAnimationSemiCircleSpin.swift in Sources */,
				B27979922275D590006CB84B /* PaymentPlansCollectionViewCell.swift in Sources */,
				B27979942275D78A006CB84B /* PaymentPlansTableViewCell.swift in Sources */,
				B23AF070231EA598000EEE07 /* AddPlaylistCell.swift in Sources */,
				B2C5B6EF21EF764700E32554 /* Urls.swift in Sources */,
				B2FFE9E521D9052800FE0C0F /* AppDelegateGoogleSignIn.swift in Sources */,
				B23AF07A2323E254000EEE07 /* PlaylistManager.swift in Sources */,
				B2BB46C422217FB300D97FA8 /* NVActivityIndicatorAnimationOrbit.swift in Sources */,
				B241B68221D78F8000D53711 /* SignUpViewController.swift in Sources */,
				B2BB469F22217FB200D97FA8 /* NVActivityIndicatorAnimationDelegate.swift in Sources */,
				B241B6B821D7AEE000D53711 /* ExampleIrregularityContentView.swift in Sources */,
				E27A70722211F92A001751BC /* PlayerControls.swift in Sources */,
				B2BB46C222217FB300D97FA8 /* NVActivityIndicatorAnimationLineScalePulseOutRapid.swift in Sources */,
				B2BB46A522217FB200D97FA8 /* NVActivityIndicatorAnimationBallGridPulse.swift in Sources */,
				E27A706A2211F92A001751BC /* Array.swift in Sources */,
				B2BB46B322217FB200D97FA8 /* NVActivityIndicatorAnimationBallRotateChase.swift in Sources */,
				B241B6B721D7AEE000D53711 /* ExampleBouncesContentView.swift in Sources */,
				B2BB46B722217FB200D97FA8 /* NVActivityIndicatorAnimationAudioEqualizer.swift in Sources */,
				E26A408C21F09BF300E71D39 /* ProgressBar.swift in Sources */,
				B241B6D421D8AC7900D53711 /* CustomLabel.swift in Sources */,
				B2BB46BF22217FB200D97FA8 /* NVActivityIndicatorAnimationCubeTransition.swift in Sources */,
				B22C3D05220753CA003BBFD1 /* RecentlyPlayedCollectionViewCell.swift in Sources */,
				B279798F2275D4FB006CB84B /* HSCycleGalleryView.swift in Sources */,
				B2BB46AC22217FB200D97FA8 /* NVActivityIndicatorAnimationBallScale.swift in Sources */,
				E27A70662211F92A001751BC /* Constants.swift in Sources */,
				B215778D231A819900E67AB9 /* OfferedPlaylistsCell.swift in Sources */,
				B241B6AD21D7AE8200D53711 /* ESTabBarItemMoreContentView.swift in Sources */,
				B2A2585821E0B3C100CF3738 /* API.swift in Sources */,
				B241B69621D791D800D53711 /* Helper.swift in Sources */,
				B241B6B321D7AE8200D53711 /* ESTabBarItemContainer.swift in Sources */,
				E27A70772211F92A001751BC /* PlayerSlider.swift in Sources */,
				B2BB46BC22217FB200D97FA8 /* NVActivityIndicatorAnimationBallScaleRippleMultiple.swift in Sources */,
				B2BB46B922217FB200D97FA8 /* NVActivityIndicatorAnimationBallGridBeat.swift in Sources */,
				B215778F231A995800E67AB9 /* PlaylistCollectionViewCell.swift in Sources */,
				B23AF072231EAFFA000EEE07 /* PlaylistViewController.swift in Sources */,
				B2BB46BE22217FB200D97FA8 /* NVActivityIndicatorAnimationBallPulseSync.swift in Sources */,
				B241B6D621D8B00800D53711 /* Font.swift in Sources */,
				B23AF074231EB056000EEE07 /* AddPlaylistViewController.swift in Sources */,
				B2BB46A922217FB200D97FA8 /* NVActivityIndicatorAnimationLineScalePulseOut.swift in Sources */,
				B241B68021D78F8000D53711 /* AppDelegate.swift in Sources */,
				B23AF06E231E987F000EEE07 /* FollowedPlaylistCell.swift in Sources */,
				E27A70652211F92A001751BC /* UIImageEffects.swift in Sources */,
				B23AF06C231E96DE000EEE07 /* Playlist.swift in Sources */,
				B2BB511F21E5DD8800A35D36 /* DownloadViewController.swift in Sources */,
				B2AA08AC22DB797A00681BC7 /* HoshiTextField.swift in Sources */,
				B2C5B6EB21EF6FE800E32554 /* SearchResult.swift in Sources */,
				B2BB46AB22217FB200D97FA8 /* NVActivityIndicatorAnimationBallZigZagDeflect.swift in Sources */,
				B215778B231A77A800E67AB9 /* YourPlaylistRow.swift in Sources */,
				B2AA08A422DB783F00681BC7 /* ProfileTableViewCell.swift in Sources */,
				B224C17A22259B60003BFE22 /* PlayListsViewController.swift in Sources */,
				B241B6B021D7AE8200D53711 /* ESTabBarItem.swift in Sources */,
				B2FBB38421E1F8F600778B81 /* GhostTyper.swift in Sources */,
				B27979D222770F9B006CB84B /* PopBounceButton.swift in Sources */,
				E27A70642211F92A001751BC /* UIImageColors.swift in Sources */,
				B224C17622259AFE003BFE22 /* iCarousel.m in Sources */,
				E27A70712211F92A001751BC /* ViewWithXib.swift in Sources */,
				B2BB46A822217FB200D97FA8 /* NVActivityIndicatorAnimationBallTrianglePath.swift in Sources */,
				E27A706B2211F92A001751BC /* NSObjectExtensions.swift in Sources */,
				B2BB46B622217FB200D97FA8 /* NVActivityIndicatorAnimationCircleStrokeSpin.swift in Sources */,
				E27A70692211F92A001751BC /* CommonExtensions.swift in Sources */,
				B2BB46AE22217FB200D97FA8 /* NVActivityIndicatorAnimationBallBeat.swift in Sources */,
				B29AA2E821EA128700192393 /* SearchResultTableViewCell.swift in Sources */,
				B215778923154B5B00E67AB9 /* SearchSuggestionCell.swift in Sources */,
				E27A70672211F92A001751BC /* MetaData.swift in Sources */,
				B2FFE9E321D9042B00FE0C0F /* AppDelegateTabBar.swift in Sources */,
				B27979D322770F9B006CB84B /* ButtonAnimator.swift in Sources */,
				B2BB46AA22217FB200D97FA8 /* NVActivityIndicatorAnimationLineSpinFadeLoader.swift in Sources */,
				B2A2585A21E0B3CE00CF3738 /* MusicViewModel.swift in Sources */,
				B2BB512321E5E1BF00A35D36 /* BaseViewControllerPresented.swift in Sources */,
				B2BB46B822217FB200D97FA8 /* NVActivityIndicatorAnimationTriangleSkewSpin.swift in Sources */,
				B2BB46B522217FB200D97FA8 /* NVActivityIndicatorAnimationBlank.swift in Sources */,
				B2BB46B022217FB200D97FA8 /* NVActivityIndicatorAnimationBallScaleRipple.swift in Sources */,
				B241B69221D791B400D53711 /* BaseViewControllerNormal.swift in Sources */,
				E26A408A21F08C5C00E71D39 /* Player.swift in Sources */,
				B2BB46C322217FB300D97FA8 /* NVActivityIndicatorAnimationBallPulseRise.swift in Sources */,
			);
			runOnlyForDeploymentPostprocessing = 0;
		};
/* End PBXSourcesBuildPhase section */

/* Begin PBXVariantGroup section */
		B241B68821D78F8300D53711 /* LaunchScreen.storyboard */ = {
			isa = PBXVariantGroup;
			children = (
				B241B68921D78F8300D53711 /* Base */,
			);
			name = LaunchScreen.storyboard;
			sourceTree = "<group>";
		};
		E27A705F2211F92A001751BC /* PandoraPlayer.storyboard */ = {
			isa = PBXVariantGroup;
			children = (
				E27A70602211F92A001751BC /* Base */,
			);
			name = PandoraPlayer.storyboard;
			sourceTree = "<group>";
		};
/* End PBXVariantGroup section */

/* Begin XCBuildConfiguration section */
		B241B68C21D78F8300D53711 /* Debug */ = {
			isa = XCBuildConfiguration;
			buildSettings = {
				ALWAYS_SEARCH_USER_PATHS = NO;
				CLANG_ANALYZER_NONNULL = YES;
				CLANG_ANALYZER_NUMBER_OBJECT_CONVERSION = YES_AGGRESSIVE;
				CLANG_CXX_LANGUAGE_STANDARD = "gnu++14";
				CLANG_CXX_LIBRARY = "libc++";
				CLANG_ENABLE_MODULES = YES;
				CLANG_ENABLE_OBJC_ARC = YES;
				CLANG_ENABLE_OBJC_WEAK = YES;
				CLANG_WARN_BLOCK_CAPTURE_AUTORELEASING = YES;
				CLANG_WARN_BOOL_CONVERSION = YES;
				CLANG_WARN_COMMA = YES;
				CLANG_WARN_CONSTANT_CONVERSION = YES;
				CLANG_WARN_DEPRECATED_OBJC_IMPLEMENTATIONS = YES;
				CLANG_WARN_DIRECT_OBJC_ISA_USAGE = YES_ERROR;
				CLANG_WARN_DOCUMENTATION_COMMENTS = YES;
				CLANG_WARN_EMPTY_BODY = YES;
				CLANG_WARN_ENUM_CONVERSION = YES;
				CLANG_WARN_INFINITE_RECURSION = YES;
				CLANG_WARN_INT_CONVERSION = YES;
				CLANG_WARN_NON_LITERAL_NULL_CONVERSION = YES;
				CLANG_WARN_OBJC_IMPLICIT_RETAIN_SELF = YES;
				CLANG_WARN_OBJC_LITERAL_CONVERSION = YES;
				CLANG_WARN_OBJC_ROOT_CLASS = YES_ERROR;
				CLANG_WARN_RANGE_LOOP_ANALYSIS = YES;
				CLANG_WARN_STRICT_PROTOTYPES = YES;
				CLANG_WARN_SUSPICIOUS_MOVE = YES;
				CLANG_WARN_UNGUARDED_AVAILABILITY = YES_AGGRESSIVE;
				CLANG_WARN_UNREACHABLE_CODE = YES;
				CLANG_WARN__DUPLICATE_METHOD_MATCH = YES;
				CODE_SIGN_IDENTITY = "iPhone Developer";
				COPY_PHASE_STRIP = NO;
				DEBUG_INFORMATION_FORMAT = dwarf;
				ENABLE_BITCODE = NO;
				ENABLE_STRICT_OBJC_MSGSEND = YES;
				ENABLE_TESTABILITY = YES;
				GCC_C_LANGUAGE_STANDARD = gnu11;
				GCC_DYNAMIC_NO_PIC = NO;
				GCC_NO_COMMON_BLOCKS = YES;
				GCC_OPTIMIZATION_LEVEL = 0;
				GCC_PREPROCESSOR_DEFINITIONS = (
					"DEBUG=1",
					"$(inherited)",
				);
				GCC_WARN_64_TO_32_BIT_CONVERSION = YES;
				GCC_WARN_ABOUT_RETURN_TYPE = YES_ERROR;
				GCC_WARN_UNDECLARED_SELECTOR = YES;
				GCC_WARN_UNINITIALIZED_AUTOS = YES_AGGRESSIVE;
				GCC_WARN_UNUSED_FUNCTION = YES;
				GCC_WARN_UNUSED_VARIABLE = YES;
				IPHONEOS_DEPLOYMENT_TARGET = 11.4;
				MTL_ENABLE_DEBUG_INFO = YES;
				ONLY_ACTIVE_ARCH = YES;
				SDKROOT = iphoneos;
				SWIFT_ACTIVE_COMPILATION_CONDITIONS = DEBUG;
				SWIFT_OPTIMIZATION_LEVEL = "-Onone";
			};
			name = Debug;
		};
		B241B68D21D78F8300D53711 /* Release */ = {
			isa = XCBuildConfiguration;
			buildSettings = {
				ALWAYS_SEARCH_USER_PATHS = NO;
				CLANG_ANALYZER_NONNULL = YES;
				CLANG_ANALYZER_NUMBER_OBJECT_CONVERSION = YES_AGGRESSIVE;
				CLANG_CXX_LANGUAGE_STANDARD = "gnu++14";
				CLANG_CXX_LIBRARY = "libc++";
				CLANG_ENABLE_MODULES = YES;
				CLANG_ENABLE_OBJC_ARC = YES;
				CLANG_ENABLE_OBJC_WEAK = YES;
				CLANG_WARN_BLOCK_CAPTURE_AUTORELEASING = YES;
				CLANG_WARN_BOOL_CONVERSION = YES;
				CLANG_WARN_COMMA = YES;
				CLANG_WARN_CONSTANT_CONVERSION = YES;
				CLANG_WARN_DEPRECATED_OBJC_IMPLEMENTATIONS = YES;
				CLANG_WARN_DIRECT_OBJC_ISA_USAGE = YES_ERROR;
				CLANG_WARN_DOCUMENTATION_COMMENTS = YES;
				CLANG_WARN_EMPTY_BODY = YES;
				CLANG_WARN_ENUM_CONVERSION = YES;
				CLANG_WARN_INFINITE_RECURSION = YES;
				CLANG_WARN_INT_CONVERSION = YES;
				CLANG_WARN_NON_LITERAL_NULL_CONVERSION = YES;
				CLANG_WARN_OBJC_IMPLICIT_RETAIN_SELF = YES;
				CLANG_WARN_OBJC_LITERAL_CONVERSION = YES;
				CLANG_WARN_OBJC_ROOT_CLASS = YES_ERROR;
				CLANG_WARN_RANGE_LOOP_ANALYSIS = YES;
				CLANG_WARN_STRICT_PROTOTYPES = YES;
				CLANG_WARN_SUSPICIOUS_MOVE = YES;
				CLANG_WARN_UNGUARDED_AVAILABILITY = YES_AGGRESSIVE;
				CLANG_WARN_UNREACHABLE_CODE = YES;
				CLANG_WARN__DUPLICATE_METHOD_MATCH = YES;
				CODE_SIGN_IDENTITY = "iPhone Developer";
				COPY_PHASE_STRIP = NO;
				DEBUG_INFORMATION_FORMAT = "dwarf-with-dsym";
				ENABLE_BITCODE = NO;
				ENABLE_NS_ASSERTIONS = NO;
				ENABLE_STRICT_OBJC_MSGSEND = YES;
				GCC_C_LANGUAGE_STANDARD = gnu11;
				GCC_NO_COMMON_BLOCKS = YES;
				GCC_WARN_64_TO_32_BIT_CONVERSION = YES;
				GCC_WARN_ABOUT_RETURN_TYPE = YES_ERROR;
				GCC_WARN_UNDECLARED_SELECTOR = YES;
				GCC_WARN_UNINITIALIZED_AUTOS = YES_AGGRESSIVE;
				GCC_WARN_UNUSED_FUNCTION = YES;
				GCC_WARN_UNUSED_VARIABLE = YES;
				IPHONEOS_DEPLOYMENT_TARGET = 11.4;
				MTL_ENABLE_DEBUG_INFO = NO;
				SDKROOT = iphoneos;
				SWIFT_COMPILATION_MODE = wholemodule;
				SWIFT_OPTIMIZATION_LEVEL = "-O";
				VALIDATE_PRODUCT = YES;
			};
			name = Release;
		};
		B241B68F21D78F8300D53711 /* Debug */ = {
			isa = XCBuildConfiguration;
			baseConfigurationReference = 218FB137313D0A24198C8E6B /* Pods-iMusic.debug.xcconfig */;
			buildSettings = {
				ASSETCATALOG_COMPILER_APPICON_NAME = AppIcon;
				CODE_SIGN_STYLE = Automatic;
				DEVELOPMENT_TEAM = K5P8N9338A;
				ENABLE_BITCODE = NO;
				FRAMEWORK_SEARCH_PATHS = (
					"$(inherited)",
					"$(PROJECT_DIR)/iMusic/Libraries",
					"$(PROJECT_DIR)",
					"$(PROJECT_DIR)/iMusic/Dependencies",
				);
				INFOPLIST_FILE = iMusic/Info.plist;
				LD_RUNPATH_SEARCH_PATHS = (
					"$(inherited)",
					"@executable_path/Frameworks",
				);
				PRODUCT_BUNDLE_IDENTIFIER = com.iranappcenter.imoozik;
				PRODUCT_NAME = "$(TARGET_NAME)";
				SWIFT_OBJC_BRIDGING_HEADER = "iMusic-Bridging-Header.h";
				SWIFT_VERSION = 4.0;
				TARGETED_DEVICE_FAMILY = "1,2";
			};
			name = Debug;
		};
		B241B69021D78F8300D53711 /* Release */ = {
			isa = XCBuildConfiguration;
			baseConfigurationReference = F4DCD553AFC4235F88B470F4 /* Pods-iMusic.release.xcconfig */;
			buildSettings = {
				ASSETCATALOG_COMPILER_APPICON_NAME = AppIcon;
				CODE_SIGN_STYLE = Automatic;
				DEVELOPMENT_TEAM = K5P8N9338A;
				ENABLE_BITCODE = NO;
				FRAMEWORK_SEARCH_PATHS = (
					"$(inherited)",
					"$(PROJECT_DIR)/iMusic/Libraries",
					"$(PROJECT_DIR)",
					"$(PROJECT_DIR)/iMusic/Dependencies",
				);
				INFOPLIST_FILE = iMusic/Info.plist;
				LD_RUNPATH_SEARCH_PATHS = (
					"$(inherited)",
					"@executable_path/Frameworks",
				);
				PRODUCT_BUNDLE_IDENTIFIER = com.iranappcenter.imoozik;
				PRODUCT_NAME = "$(TARGET_NAME)";
				SWIFT_OBJC_BRIDGING_HEADER = "iMusic-Bridging-Header.h";
				SWIFT_VERSION = 4.0;
				TARGETED_DEVICE_FAMILY = "1,2";
			};
			name = Release;
		};
/* End XCBuildConfiguration section */

/* Begin XCConfigurationList section */
		B241B67721D78F8000D53711 /* Build configuration list for PBXProject "iMusic" */ = {
			isa = XCConfigurationList;
			buildConfigurations = (
				B241B68C21D78F8300D53711 /* Debug */,
				B241B68D21D78F8300D53711 /* Release */,
			);
			defaultConfigurationIsVisible = 0;
			defaultConfigurationName = Release;
		};
		B241B68E21D78F8300D53711 /* Build configuration list for PBXNativeTarget "iMusic" */ = {
			isa = XCConfigurationList;
			buildConfigurations = (
				B241B68F21D78F8300D53711 /* Debug */,
				B241B69021D78F8300D53711 /* Release */,
			);
			defaultConfigurationIsVisible = 0;
			defaultConfigurationName = Release;
		};
/* End XCConfigurationList section */
	};
	rootObject = B241B67421D78F8000D53711 /* Project object */;
}
